{
  "originHash" : "21e86ba162aae4af25318010b12910e238409790338e008d91abb3353d0c7e48",
  "pins" : [
    {
      "identity" : "btt-swift-sdk",
      "kind" : "remoteSourceControl",
      "location" : "https://github.com/blue-triangle-tech/btt-swift-sdk.git",
      "state" : {
        "revision" : "557223d9e1b4738843fd4f6927a3eb241fb68427",
        "version" : "3.9.1"
      }
    }
  ],
  "version" : 3
}
