{
  "pins" : [
    {
      "identity" : "btt-swift-sdk",
      "kind" : "remoteSourceControl",
      "location" : "https://github.com/blue-triangle-tech/btt-swift-sdk.git",
      "state" : {
        "revision" : "d993bad7deece6d959d9d7bf0f6d4bbfa5b0f7f5",
        "version" : "3.1.0"
      }
    }
  ],
  "version" : 2
}
