{
  "pins" : [
    {
      "identity" : "btt-swift-sdk",
      "kind" : "remoteSourceControl",
      "location" : "http://github.com/JP-aloha/btt-swift-sdk.git",
      "state" : {
        "branch" : "crash_and_swiftUI_performance_time_issue",
        "revision" : "71398247f51f26a5ad1e92adb47cf47f6e52f7a3"
      }
    },
    {
      "identity" : "swift-collections",
      "kind" : "remoteSourceControl",
      "location" : "https://github.com/apple/swift-collections",
      "state" : {
        "revision" : "937e904258d22af6e447a0b72c0bc67583ef64a2",
        "version" : "1.0.4"
      }
    },
    {
      "identity" : "swift-identified-collections",
      "kind" : "remoteSourceControl",
      "location" : "https://github.com/pointfreeco/swift-identified-collections",
      "state" : {
        "revision" : "d01446a78fb768adc9a78cbb6df07767c8ccfc29",
        "version" : "0.8.0"
      }
    }
  ],
  "version" : 2
}
