// !$*UTF8*$!
{
	archiveVersion = 1;
	classes = {
	};
	objectVersion = 56;
	objects = {

/* Begin PBXBuildFile section */
		510C8EE82ACECE9E007292B2 /* BlueTriangle in Frameworks */ = {isa = PBXBuildFile; productRef = 510C8EE72ACECE9E007292B2 /* BlueTriangle */; };
		510C8EEA2ACECEB5007292B2 /* BlueTriangle in Frameworks */ = {isa = PBXBuildFile; productRef = 510C8EE92ACECEB5007292B2 /* BlueTriangle */; };
		5118665B2B5AC56300574667 /* updated-template.html in Resources */ = {isa = PBXBuildFile; fileRef = 5118665A2B5AC56200574667 /* updated-template.html */; };
		5118665C2B5AC89200574667 /* updated-template.html in Resources */ = {isa = PBXBuildFile; fileRef = 5118665A2B5AC56200574667 /* updated-template.html */; };
		512A3FBE2AA1CE2E005D5A22 /* UnitTestsViewController.swift in Sources */ = {isa = PBXBuildFile; fileRef = 512A3FBD2AA1CE2E005D5A22 /* UnitTestsViewController.swift */; };
		512A3FC12AA1CFEF005D5A22 /* MemoryTestViewController.swift in Sources */ = {isa = PBXBuildFile; fileRef = 512A3FC02AA1CFEF005D5A22 /* MemoryTestViewController.swift */; };
		512A3FC42AA1D1D6005D5A22 /* UnitTestsView.swift in Sources */ = {isa = PBXBuildFile; fileRef = 512A3FC32AA1D1D6005D5A22 /* UnitTestsView.swift */; };
		512BBE982A49ED1A00EAFD97 /* Config.xcconfig in Resources */ = {isa = PBXBuildFile; fileRef = 512BBE972A49ED1A00EAFD97 /* Config.xcconfig */; };
		512BBE992A49ED1A00EAFD97 /* Config.xcconfig in Resources */ = {isa = PBXBuildFile; fileRef = 512BBE972A49ED1A00EAFD97 /* Config.xcconfig */; };
		5170A8BF2AA1E82D0091B65A /* MemoryTestView.swift in Sources */ = {isa = PBXBuildFile; fileRef = 5170A8BE2AA1E82D0091B65A /* MemoryTestView.swift */; };
		5170A8C12AA1F3B50091B65A /* UnitTestsViewModel.swift in Sources */ = {isa = PBXBuildFile; fileRef = 5170A8C02AA1F3B50091B65A /* UnitTestsViewModel.swift */; };
		5170A8C22AA1F4090091B65A /* UnitTestsViewModel.swift in Sources */ = {isa = PBXBuildFile; fileRef = 5170A8C02AA1F3B50091B65A /* UnitTestsViewModel.swift */; };
		5170A8C42AA1F7490091B65A /* CPUTestView.swift in Sources */ = {isa = PBXBuildFile; fileRef = 5170A8C32AA1F7490091B65A /* CPUTestView.swift */; };
		5170A8C62AA1F87C0091B65A /* CPUTestViewController.swift in Sources */ = {isa = PBXBuildFile; fileRef = 5170A8C52AA1F87C0091B65A /* CPUTestViewController.swift */; };
		519833A02B55656100F71C1E /* template.html in Resources */ = {isa = PBXBuildFile; fileRef = 5198339F2B55656100F71C1E /* template.html */; };
		519833A12B55656100F71C1E /* template.html in Resources */ = {isa = PBXBuildFile; fileRef = 5198339F2B55656100F71C1E /* template.html */; };
		5198A2992A9F7104003EFBEF /* MemoryAllocationTest.swift in Sources */ = {isa = PBXBuildFile; fileRef = 5198A2982A9F7104003EFBEF /* MemoryAllocationTest.swift */; };
		5198A29A2A9F7114003EFBEF /* MemoryAllocationTest.swift in Sources */ = {isa = PBXBuildFile; fileRef = 5198A2982A9F7104003EFBEF /* MemoryAllocationTest.swift */; };
		51D6F4F52B35A38F0044A3F0 /* BttWebViewController.swift in Sources */ = {isa = PBXBuildFile; fileRef = 51D6F4F42B35A38F0044A3F0 /* BttWebViewController.swift */; };
		51E1F49D2B5935CA00C7F523 /* HybridViewModel.swift in Sources */ = {isa = PBXBuildFile; fileRef = 51E1F49C2B5935CA00C7F523 /* HybridViewModel.swift */; };
		51E1F49E2B5935CA00C7F523 /* HybridViewModel.swift in Sources */ = {isa = PBXBuildFile; fileRef = 51E1F49C2B5935CA00C7F523 /* HybridViewModel.swift */; };
		51E1F4A02B5936D700C7F523 /* BttWebView.swift in Sources */ = {isa = PBXBuildFile; fileRef = 51E1F49F2B5936D700C7F523 /* BttWebView.swift */; };
		51F61C942A4ACE9F0071F957 /* AppCoordinator.swift in Sources */ = {isa = PBXBuildFile; fileRef = 51F61C922A4ACE9F0071F957 /* AppCoordinator.swift */; };
		51F61C972A4ACF2B0071F957 /* BTTrackingConfigViewController.swift in Sources */ = {isa = PBXBuildFile; fileRef = 51F61C952A4ACF2B0071F957 /* BTTrackingConfigViewController.swift */; };
		51F61C992A4AD1EB0071F957 /* BTTrackingConfigView.swift in Sources */ = {isa = PBXBuildFile; fileRef = 51F61C982A4AD1EB0071F957 /* BTTrackingConfigView.swift */; };
		51F61C9B2A4AD3490071F957 /* BTTRootContrainerView.swift in Sources */ = {isa = PBXBuildFile; fileRef = 51F61C9A2A4AD3490071F957 /* BTTRootContrainerView.swift */; };
		51F61C9F2A4AD6980071F957 /* BTTConfigModel.swift in Sources */ = {isa = PBXBuildFile; fileRef = 51F61C9E2A4AD6980071F957 /* BTTConfigModel.swift */; };
		8419BD132A49CFD7009429C9 /* Constants.swift in Sources */ = {isa = PBXBuildFile; fileRef = 8419BD0F2A49CFD7009429C9 /* Constants.swift */; };
		8419BD142A49CFD7009429C9 /* Constants.swift in Sources */ = {isa = PBXBuildFile; fileRef = 8419BD0F2A49CFD7009429C9 /* Constants.swift */; };
		8419BD152A49CFD7009429C9 /* ImageLoader.swift in Sources */ = {isa = PBXBuildFile; fileRef = 8419BD102A49CFD7009429C9 /* ImageLoader.swift */; };
		8419BD162A49CFD7009429C9 /* ImageLoader.swift in Sources */ = {isa = PBXBuildFile; fileRef = 8419BD102A49CFD7009429C9 /* ImageLoader.swift */; };
		8419BD172A49CFD7009429C9 /* CartRepository.swift in Sources */ = {isa = PBXBuildFile; fileRef = 8419BD112A49CFD7009429C9 /* CartRepository.swift */; };
		8419BD182A49CFD7009429C9 /* CartRepository.swift in Sources */ = {isa = PBXBuildFile; fileRef = 8419BD112A49CFD7009429C9 /* CartRepository.swift */; };
		8419BD192A49CFD7009429C9 /* Configuration.swift in Sources */ = {isa = PBXBuildFile; fileRef = 8419BD122A49CFD7009429C9 /* Configuration.swift */; };
		8419BD1A2A49CFD7009429C9 /* Configuration.swift in Sources */ = {isa = PBXBuildFile; fileRef = 8419BD122A49CFD7009429C9 /* Configuration.swift */; };
		8419BD1E2A49CFE1009429C9 /* CartItemModel.swift in Sources */ = {isa = PBXBuildFile; fileRef = 8419BD1C2A49CFE0009429C9 /* CartItemModel.swift */; };
		8419BD1F2A49CFE1009429C9 /* CartItemModel.swift in Sources */ = {isa = PBXBuildFile; fileRef = 8419BD1C2A49CFE0009429C9 /* CartItemModel.swift */; };
		8419BD202A49CFE1009429C9 /* CartModel.swift in Sources */ = {isa = PBXBuildFile; fileRef = 8419BD1D2A49CFE0009429C9 /* CartModel.swift */; };
		8419BD212A49CFE1009429C9 /* CartModel.swift in Sources */ = {isa = PBXBuildFile; fileRef = 8419BD1D2A49CFE0009429C9 /* CartModel.swift */; };
		8419BD282A49CFEC009429C9 /* ProductDetailViewModel.swift in Sources */ = {isa = PBXBuildFile; fileRef = 8419BD232A49CFEC009429C9 /* ProductDetailViewModel.swift */; };
		8419BD292A49CFEC009429C9 /* ProductDetailViewModel.swift in Sources */ = {isa = PBXBuildFile; fileRef = 8419BD232A49CFEC009429C9 /* ProductDetailViewModel.swift */; };
		8419BD2A2A49CFEC009429C9 /* SettingsViewModel.swift in Sources */ = {isa = PBXBuildFile; fileRef = 8419BD242A49CFEC009429C9 /* SettingsViewModel.swift */; };
		8419BD2B2A49CFEC009429C9 /* SettingsViewModel.swift in Sources */ = {isa = PBXBuildFile; fileRef = 8419BD242A49CFEC009429C9 /* SettingsViewModel.swift */; };
		8419BD2C2A49CFEC009429C9 /* CheckoutViewModel.swift in Sources */ = {isa = PBXBuildFile; fileRef = 8419BD252A49CFEC009429C9 /* CheckoutViewModel.swift */; };
		8419BD2D2A49CFEC009429C9 /* CheckoutViewModel.swift in Sources */ = {isa = PBXBuildFile; fileRef = 8419BD252A49CFEC009429C9 /* CheckoutViewModel.swift */; };
		8419BD2E2A49CFEC009429C9 /* ProductListViewModel.swift in Sources */ = {isa = PBXBuildFile; fileRef = 8419BD262A49CFEC009429C9 /* ProductListViewModel.swift */; };
		8419BD2F2A49CFEC009429C9 /* ProductListViewModel.swift in Sources */ = {isa = PBXBuildFile; fileRef = 8419BD262A49CFEC009429C9 /* ProductListViewModel.swift */; };
		8419BD302A49CFEC009429C9 /* CartViewModel.swift in Sources */ = {isa = PBXBuildFile; fileRef = 8419BD272A49CFEC009429C9 /* CartViewModel.swift */; };
		8419BD312A49CFEC009429C9 /* CartViewModel.swift in Sources */ = {isa = PBXBuildFile; fileRef = 8419BD272A49CFEC009429C9 /* CartViewModel.swift */; };
		8419BD382A49CFFF009429C9 /* Service+BTT.swift in Sources */ = {isa = PBXBuildFile; fileRef = 8419BD332A49CFFF009429C9 /* Service+BTT.swift */; };
		8419BD392A49CFFF009429C9 /* Service+BTT.swift in Sources */ = {isa = PBXBuildFile; fileRef = 8419BD332A49CFFF009429C9 /* Service+BTT.swift */; };
		8419BD3A2A49CFFF009429C9 /* View+ErrorAlert.swift in Sources */ = {isa = PBXBuildFile; fileRef = 8419BD342A49CFFF009429C9 /* View+ErrorAlert.swift */; };
		8419BD3B2A49CFFF009429C9 /* View+ErrorAlert.swift in Sources */ = {isa = PBXBuildFile; fileRef = 8419BD342A49CFFF009429C9 /* View+ErrorAlert.swift */; };
		8419BD3C2A49CFFF009429C9 /* UIColor+Utils.swift in Sources */ = {isa = PBXBuildFile; fileRef = 8419BD352A49CFFF009429C9 /* UIColor+Utils.swift */; };
		8419BD3D2A49CFFF009429C9 /* UIColor+Utils.swift in Sources */ = {isa = PBXBuildFile; fileRef = 8419BD352A49CFFF009429C9 /* UIColor+Utils.swift */; };
		8419BD3E2A49CFFF009429C9 /* String+LocalizedError.swift in Sources */ = {isa = PBXBuildFile; fileRef = 8419BD362A49CFFF009429C9 /* String+LocalizedError.swift */; };
		8419BD3F2A49CFFF009429C9 /* String+LocalizedError.swift in Sources */ = {isa = PBXBuildFile; fileRef = 8419BD362A49CFFF009429C9 /* String+LocalizedError.swift */; };
		8419BD402A49CFFF009429C9 /* Collection+Utils.swift in Sources */ = {isa = PBXBuildFile; fileRef = 8419BD372A49CFFF009429C9 /* Collection+Utils.swift */; };
		8419BD412A49CFFF009429C9 /* Collection+Utils.swift in Sources */ = {isa = PBXBuildFile; fileRef = 8419BD372A49CFFF009429C9 /* Collection+Utils.swift */; };
		84538C822A4ABE6400EF70A2 /* CartItemTableViewCell.swift in Sources */ = {isa = PBXBuildFile; fileRef = 84538C812A4ABE6400EF70A2 /* CartItemTableViewCell.swift */; };
		847CF43F2A4315D7001E9011 /* AppDelegate.swift in Sources */ = {isa = PBXBuildFile; fileRef = 847CF43E2A4315D7001E9011 /* AppDelegate.swift */; };
		847CF4412A4315D7001E9011 /* SceneDelegate.swift in Sources */ = {isa = PBXBuildFile; fileRef = 847CF4402A4315D7001E9011 /* SceneDelegate.swift */; };
		847CF4432A4315D7001E9011 /* ViewController.swift in Sources */ = {isa = PBXBuildFile; fileRef = 847CF4422A4315D7001E9011 /* ViewController.swift */; };
		847CF4462A4315D7001E9011 /* Main.storyboard in Resources */ = {isa = PBXBuildFile; fileRef = 847CF4442A4315D7001E9011 /* Main.storyboard */; };
		847CF4482A4315DB001E9011 /* Assets.xcassets in Resources */ = {isa = PBXBuildFile; fileRef = 847CF4472A4315DB001E9011 /* Assets.xcassets */; };
		847CF44B2A4315DB001E9011 /* LaunchScreen.storyboard in Resources */ = {isa = PBXBuildFile; fileRef = 847CF4492A4315DB001E9011 /* LaunchScreen.storyboard */; };
		847CF4552A431B10001E9011 /* ProductViewController.swift in Sources */ = {isa = PBXBuildFile; fileRef = 847CF4542A431B10001E9011 /* ProductViewController.swift */; };
		847CF4592A433F35001E9011 /* ProductDetailViewController.swift in Sources */ = {isa = PBXBuildFile; fileRef = 847CF4582A433F35001E9011 /* ProductDetailViewController.swift */; };
		847CF4632A4466DC001E9011 /* CartViewController.swift in Sources */ = {isa = PBXBuildFile; fileRef = 847CF4622A4466DC001E9011 /* CartViewController.swift */; };
		847CF4652A446736001E9011 /* SettingsViewController.swift in Sources */ = {isa = PBXBuildFile; fileRef = 847CF4642A446736001E9011 /* SettingsViewController.swift */; };
		8488265C2A449992007B9D72 /* Constant.swift in Sources */ = {isa = PBXBuildFile; fileRef = 8488265B2A449992007B9D72 /* Constant.swift */; };
		848826622A449BB6007B9D72 /* APIManager.swift in Sources */ = {isa = PBXBuildFile; fileRef = 848826612A449BB6007B9D72 /* APIManager.swift */; };
		848826662A44A33A007B9D72 /* ProductViewModel.swift in Sources */ = {isa = PBXBuildFile; fileRef = 848826652A44A33A007B9D72 /* ProductViewModel.swift */; };
		8492EDC62A45D39000FE3A5E /* ProductDetailCollectionViewCell.swift in Sources */ = {isa = PBXBuildFile; fileRef = 8492EDC52A45D39000FE3A5E /* ProductDetailCollectionViewCell.swift */; };
		84A03BEB2A49DE16000C8BD0 /* Service in Frameworks */ = {isa = PBXBuildFile; productRef = 84A03BEA2A49DE16000C8BD0 /* Service */; };
		84A03BED2A49DE16000C8BD0 /* IdentifiedCollections in Frameworks */ = {isa = PBXBuildFile; productRef = 84A03BEC2A49DE16000C8BD0 /* IdentifiedCollections */; };
		84A2DA732A4AC6F4002732EC /* TabBarViewController.swift in Sources */ = {isa = PBXBuildFile; fileRef = 84A2DA722A4AC6F4002732EC /* TabBarViewController.swift */; };
		84AAA77B2A45891B000D2798 /* ProductCollectionViewCell.swift in Sources */ = {isa = PBXBuildFile; fileRef = 84AAA77A2A45891B000D2798 /* ProductCollectionViewCell.swift */; };
		84B301E92A4DD9DC00BF23B5 /* ANRTests.swift in Sources */ = {isa = PBXBuildFile; fileRef = 84B301E82A4DD9DC00BF23B5 /* ANRTests.swift */; };
		84B301EA2A4DD9DC00BF23B5 /* ANRTests.swift in Sources */ = {isa = PBXBuildFile; fileRef = 84B301E82A4DD9DC00BF23B5 /* ANRTests.swift */; };
		84B301ED2A4ED16700BF23B5 /* OrderSuccessfulViewController.swift in Sources */ = {isa = PBXBuildFile; fileRef = 84B301EB2A4ED16700BF23B5 /* OrderSuccessfulViewController.swift */; };
		84B301EF2A4EDA0C00BF23B5 /* OrderSuccessfulView.swift in Sources */ = {isa = PBXBuildFile; fileRef = 84B301EE2A4EDA0C00BF23B5 /* OrderSuccessfulView.swift */; };
		84D977352A4488C700192330 /* CheckOutViewController.swift in Sources */ = {isa = PBXBuildFile; fileRef = 84D977342A4488C700192330 /* CheckOutViewController.swift */; };
		84F2A80B2AB069F900471E13 /* Identifier.swift in Sources */ = {isa = PBXBuildFile; fileRef = 84F2A80A2AB069F900471E13 /* Identifier.swift */; };
		84F2A80C2AB069F900471E13 /* Identifier.swift in Sources */ = {isa = PBXBuildFile; fileRef = 84F2A80A2AB069F900471E13 /* Identifier.swift */; };
		84F2A80E2AB2FB1800471E13 /* CPUUsesTest.swift in Sources */ = {isa = PBXBuildFile; fileRef = 84F2A80D2AB2FB1800471E13 /* CPUUsesTest.swift */; };
		84F2A80F2AB2FB1800471E13 /* CPUUsesTest.swift in Sources */ = {isa = PBXBuildFile; fileRef = 84F2A80D2AB2FB1800471E13 /* CPUUsesTest.swift */; };
		C93FCCB729100D9C00633487 /* PrimaryButtonStyle.swift in Sources */ = {isa = PBXBuildFile; fileRef = C93FCCB629100D9C00633487 /* PrimaryButtonStyle.swift */; };
		C93FCCB929103A7E00633487 /* CartItemRow.swift in Sources */ = {isa = PBXBuildFile; fileRef = C93FCCB829103A7E00633487 /* CartItemRow.swift */; };
		C94BF00C290ADBF0007E1C25 /* ProductListView.swift in Sources */ = {isa = PBXBuildFile; fileRef = C94BF00B290ADBF0007E1C25 /* ProductListView.swift */; };
		C94BF00E290ADC02007E1C25 /* ProductDetailView.swift in Sources */ = {isa = PBXBuildFile; fileRef = C94BF00D290ADC02007E1C25 /* ProductDetailView.swift */; };
		C94BF011290ADC20007E1C25 /* ProductCell.swift in Sources */ = {isa = PBXBuildFile; fileRef = C94BF010290ADC20007E1C25 /* ProductCell.swift */; };
		C94BF015290AE2FC007E1C25 /* Service in Frameworks */ = {isa = PBXBuildFile; productRef = C94BF014290AE2FC007E1C25 /* Service */; };
		C94BF019290AE519007E1C25 /* TabContainerView.swift in Sources */ = {isa = PBXBuildFile; fileRef = C94BF018290AE519007E1C25 /* TabContainerView.swift */; };
		C94BF01B290AE580007E1C25 /* CartView.swift in Sources */ = {isa = PBXBuildFile; fileRef = C94BF01A290AE580007E1C25 /* CartView.swift */; };
		C94BF01D290AE58A007E1C25 /* SettingsView.swift in Sources */ = {isa = PBXBuildFile; fileRef = C94BF01C290AE58A007E1C25 /* SettingsView.swift */; };
		C94BF02B290B1803007E1C25 /* CheckoutView.swift in Sources */ = {isa = PBXBuildFile; fileRef = C94BF02A290B1802007E1C25 /* CheckoutView.swift */; };
		C9C7D88F2939029C00950C55 /* LineItemRow.swift in Sources */ = {isa = PBXBuildFile; fileRef = C9C7D88E2939029C00950C55 /* LineItemRow.swift */; };
		C9C7D8932939315D00950C55 /* RemoteImage.swift in Sources */ = {isa = PBXBuildFile; fileRef = C9C7D8922939315D00950C55 /* RemoteImage.swift */; };
		C9E1141A291421F00031E874 /* IdentifiedCollections in Frameworks */ = {isa = PBXBuildFile; productRef = C9E11419291421F00031E874 /* IdentifiedCollections */; };
		C9F4A4162900DB6100BCDF3E /* ExampleApp.swift in Sources */ = {isa = PBXBuildFile; fileRef = C9F4A4152900DB6100BCDF3E /* ExampleApp.swift */; };
		C9F4A41A2900DB6200BCDF3E /* Assets.xcassets in Resources */ = {isa = PBXBuildFile; fileRef = C9F4A4192900DB6200BCDF3E /* Assets.xcassets */; };
		C9F4A41D2900DB6200BCDF3E /* Preview Assets.xcassets in Resources */ = {isa = PBXBuildFile; fileRef = C9F4A41C2900DB6200BCDF3E /* Preview Assets.xcassets */; };
		C9F4A4272900DB6200BCDF3E /* Example_SwiftUITests.swift in Sources */ = {isa = PBXBuildFile; fileRef = C9F4A4262900DB6200BCDF3E /* Example_SwiftUITests.swift */; };
		C9F4A4312900DB6200BCDF3E /* Example_SwiftUIUITests.swift in Sources */ = {isa = PBXBuildFile; fileRef = C9F4A4302900DB6200BCDF3E /* Example_SwiftUIUITests.swift */; };
		C9F4A4332900DB6200BCDF3E /* Example_SwiftUIUITestsLaunchTests.swift in Sources */ = {isa = PBXBuildFile; fileRef = C9F4A4322900DB6200BCDF3E /* Example_SwiftUIUITestsLaunchTests.swift */; };
/* End PBXBuildFile section */

/* Begin PBXContainerItemProxy section */
		C9F4A4232900DB6200BCDF3E /* PBXContainerItemProxy */ = {
			isa = PBXContainerItemProxy;
			containerPortal = C9F4A40A2900DB6100BCDF3E /* Project object */;
			proxyType = 1;
			remoteGlobalIDString = C9F4A4112900DB6100BCDF3E;
			remoteInfo = "Example-SwiftUI";
		};
		C9F4A42D2900DB6200BCDF3E /* PBXContainerItemProxy */ = {
			isa = PBXContainerItemProxy;
			containerPortal = C9F4A40A2900DB6100BCDF3E /* Project object */;
			proxyType = 1;
			remoteGlobalIDString = C9F4A4112900DB6100BCDF3E;
			remoteInfo = "Example-SwiftUI";
		};
/* End PBXContainerItemProxy section */

/* Begin PBXFileReference section */
		5118665A2B5AC56200574667 /* updated-template.html */ = {isa = PBXFileReference; fileEncoding = 4; lastKnownFileType = text.html; path = "updated-template.html"; sourceTree = "<group>"; };
		512A3FBD2AA1CE2E005D5A22 /* UnitTestsViewController.swift */ = {isa = PBXFileReference; lastKnownFileType = sourcecode.swift; path = UnitTestsViewController.swift; sourceTree = "<group>"; };
		512A3FC02AA1CFEF005D5A22 /* MemoryTestViewController.swift */ = {isa = PBXFileReference; lastKnownFileType = sourcecode.swift; path = MemoryTestViewController.swift; sourceTree = "<group>"; };
		512A3FC32AA1D1D6005D5A22 /* UnitTestsView.swift */ = {isa = PBXFileReference; lastKnownFileType = sourcecode.swift; path = UnitTestsView.swift; sourceTree = "<group>"; };
		512BBE972A49ED1A00EAFD97 /* Config.xcconfig */ = {isa = PBXFileReference; fileEncoding = 4; lastKnownFileType = text.xcconfig; path = Config.xcconfig; sourceTree = "<group>"; };
		5170A8BE2AA1E82D0091B65A /* MemoryTestView.swift */ = {isa = PBXFileReference; lastKnownFileType = sourcecode.swift; path = MemoryTestView.swift; sourceTree = "<group>"; };
		5170A8C02AA1F3B50091B65A /* UnitTestsViewModel.swift */ = {isa = PBXFileReference; lastKnownFileType = sourcecode.swift; path = UnitTestsViewModel.swift; sourceTree = "<group>"; };
		5170A8C32AA1F7490091B65A /* CPUTestView.swift */ = {isa = PBXFileReference; lastKnownFileType = sourcecode.swift; path = CPUTestView.swift; sourceTree = "<group>"; };
		5170A8C52AA1F87C0091B65A /* CPUTestViewController.swift */ = {isa = PBXFileReference; lastKnownFileType = sourcecode.swift; path = CPUTestViewController.swift; sourceTree = "<group>"; };
		5198339F2B55656100F71C1E /* template.html */ = {isa = PBXFileReference; fileEncoding = 4; lastKnownFileType = text.html; path = template.html; sourceTree = "<group>"; };
		5198A2982A9F7104003EFBEF /* MemoryAllocationTest.swift */ = {isa = PBXFileReference; lastKnownFileType = sourcecode.swift; path = MemoryAllocationTest.swift; sourceTree = "<group>"; };
		51D6F4F42B35A38F0044A3F0 /* BttWebViewController.swift */ = {isa = PBXFileReference; lastKnownFileType = sourcecode.swift; path = BttWebViewController.swift; sourceTree = "<group>"; };
		51E1F49C2B5935CA00C7F523 /* HybridViewModel.swift */ = {isa = PBXFileReference; lastKnownFileType = sourcecode.swift; path = HybridViewModel.swift; sourceTree = "<group>"; };
		51E1F49F2B5936D700C7F523 /* BttWebView.swift */ = {isa = PBXFileReference; lastKnownFileType = sourcecode.swift; path = BttWebView.swift; sourceTree = "<group>"; };
		51F61C922A4ACE9F0071F957 /* AppCoordinator.swift */ = {isa = PBXFileReference; lastKnownFileType = sourcecode.swift; path = AppCoordinator.swift; sourceTree = "<group>"; };
		51F61C952A4ACF2B0071F957 /* BTTrackingConfigViewController.swift */ = {isa = PBXFileReference; lastKnownFileType = sourcecode.swift; path = BTTrackingConfigViewController.swift; sourceTree = "<group>"; };
		51F61C982A4AD1EB0071F957 /* BTTrackingConfigView.swift */ = {isa = PBXFileReference; lastKnownFileType = sourcecode.swift; path = BTTrackingConfigView.swift; sourceTree = "<group>"; };
		51F61C9A2A4AD3490071F957 /* BTTRootContrainerView.swift */ = {isa = PBXFileReference; lastKnownFileType = sourcecode.swift; path = BTTRootContrainerView.swift; sourceTree = "<group>"; };
		51F61C9E2A4AD6980071F957 /* BTTConfigModel.swift */ = {isa = PBXFileReference; lastKnownFileType = sourcecode.swift; path = BTTConfigModel.swift; sourceTree = "<group>"; };
		8419BD0F2A49CFD7009429C9 /* Constants.swift */ = {isa = PBXFileReference; fileEncoding = 4; lastKnownFileType = sourcecode.swift; path = Constants.swift; sourceTree = "<group>"; };
		8419BD102A49CFD7009429C9 /* ImageLoader.swift */ = {isa = PBXFileReference; fileEncoding = 4; lastKnownFileType = sourcecode.swift; path = ImageLoader.swift; sourceTree = "<group>"; };
		8419BD112A49CFD7009429C9 /* CartRepository.swift */ = {isa = PBXFileReference; fileEncoding = 4; lastKnownFileType = sourcecode.swift; path = CartRepository.swift; sourceTree = "<group>"; };
		8419BD122A49CFD7009429C9 /* Configuration.swift */ = {isa = PBXFileReference; fileEncoding = 4; lastKnownFileType = sourcecode.swift; path = Configuration.swift; sourceTree = "<group>"; };
		8419BD1C2A49CFE0009429C9 /* CartItemModel.swift */ = {isa = PBXFileReference; fileEncoding = 4; lastKnownFileType = sourcecode.swift; path = CartItemModel.swift; sourceTree = "<group>"; };
		8419BD1D2A49CFE0009429C9 /* CartModel.swift */ = {isa = PBXFileReference; fileEncoding = 4; lastKnownFileType = sourcecode.swift; path = CartModel.swift; sourceTree = "<group>"; };
		8419BD232A49CFEC009429C9 /* ProductDetailViewModel.swift */ = {isa = PBXFileReference; fileEncoding = 4; lastKnownFileType = sourcecode.swift; path = ProductDetailViewModel.swift; sourceTree = "<group>"; };
		8419BD242A49CFEC009429C9 /* SettingsViewModel.swift */ = {isa = PBXFileReference; fileEncoding = 4; lastKnownFileType = sourcecode.swift; path = SettingsViewModel.swift; sourceTree = "<group>"; };
		8419BD252A49CFEC009429C9 /* CheckoutViewModel.swift */ = {isa = PBXFileReference; fileEncoding = 4; lastKnownFileType = sourcecode.swift; path = CheckoutViewModel.swift; sourceTree = "<group>"; };
		8419BD262A49CFEC009429C9 /* ProductListViewModel.swift */ = {isa = PBXFileReference; fileEncoding = 4; lastKnownFileType = sourcecode.swift; path = ProductListViewModel.swift; sourceTree = "<group>"; };
		8419BD272A49CFEC009429C9 /* CartViewModel.swift */ = {isa = PBXFileReference; fileEncoding = 4; lastKnownFileType = sourcecode.swift; path = CartViewModel.swift; sourceTree = "<group>"; };
		8419BD332A49CFFF009429C9 /* Service+BTT.swift */ = {isa = PBXFileReference; fileEncoding = 4; lastKnownFileType = sourcecode.swift; path = "Service+BTT.swift"; sourceTree = "<group>"; };
		8419BD342A49CFFF009429C9 /* View+ErrorAlert.swift */ = {isa = PBXFileReference; fileEncoding = 4; lastKnownFileType = sourcecode.swift; path = "View+ErrorAlert.swift"; sourceTree = "<group>"; };
		8419BD352A49CFFF009429C9 /* UIColor+Utils.swift */ = {isa = PBXFileReference; fileEncoding = 4; lastKnownFileType = sourcecode.swift; path = "UIColor+Utils.swift"; sourceTree = "<group>"; };
		8419BD362A49CFFF009429C9 /* String+LocalizedError.swift */ = {isa = PBXFileReference; fileEncoding = 4; lastKnownFileType = sourcecode.swift; path = "String+LocalizedError.swift"; sourceTree = "<group>"; };
		8419BD372A49CFFF009429C9 /* Collection+Utils.swift */ = {isa = PBXFileReference; fileEncoding = 4; lastKnownFileType = sourcecode.swift; path = "Collection+Utils.swift"; sourceTree = "<group>"; };
		84538C812A4ABE6400EF70A2 /* CartItemTableViewCell.swift */ = {isa = PBXFileReference; fileEncoding = 4; lastKnownFileType = sourcecode.swift; path = CartItemTableViewCell.swift; sourceTree = "<group>"; };
		847CF43C2A4315D7001E9011 /* Example-UIKit.app */ = {isa = PBXFileReference; explicitFileType = wrapper.application; includeInIndex = 0; path = "Example-UIKit.app"; sourceTree = BUILT_PRODUCTS_DIR; };
		847CF43E2A4315D7001E9011 /* AppDelegate.swift */ = {isa = PBXFileReference; lastKnownFileType = sourcecode.swift; path = AppDelegate.swift; sourceTree = "<group>"; };
		847CF4402A4315D7001E9011 /* SceneDelegate.swift */ = {isa = PBXFileReference; lastKnownFileType = sourcecode.swift; path = SceneDelegate.swift; sourceTree = "<group>"; };
		847CF4422A4315D7001E9011 /* ViewController.swift */ = {isa = PBXFileReference; lastKnownFileType = sourcecode.swift; path = ViewController.swift; sourceTree = "<group>"; };
		847CF4452A4315D7001E9011 /* Base */ = {isa = PBXFileReference; lastKnownFileType = file.storyboard; name = Base; path = Base.lproj/Main.storyboard; sourceTree = "<group>"; };
		847CF4472A4315DB001E9011 /* Assets.xcassets */ = {isa = PBXFileReference; lastKnownFileType = folder.assetcatalog; path = Assets.xcassets; sourceTree = "<group>"; };
		847CF44A2A4315DB001E9011 /* Base */ = {isa = PBXFileReference; lastKnownFileType = file.storyboard; name = Base; path = Base.lproj/LaunchScreen.storyboard; sourceTree = "<group>"; };
		847CF44C2A4315DB001E9011 /* Info.plist */ = {isa = PBXFileReference; lastKnownFileType = text.plist.xml; path = Info.plist; sourceTree = "<group>"; };
		847CF4542A431B10001E9011 /* ProductViewController.swift */ = {isa = PBXFileReference; lastKnownFileType = sourcecode.swift; path = ProductViewController.swift; sourceTree = "<group>"; };
		847CF4582A433F35001E9011 /* ProductDetailViewController.swift */ = {isa = PBXFileReference; lastKnownFileType = sourcecode.swift; path = ProductDetailViewController.swift; sourceTree = "<group>"; };
		847CF4622A4466DC001E9011 /* CartViewController.swift */ = {isa = PBXFileReference; lastKnownFileType = sourcecode.swift; path = CartViewController.swift; sourceTree = "<group>"; };
		847CF4642A446736001E9011 /* SettingsViewController.swift */ = {isa = PBXFileReference; lastKnownFileType = sourcecode.swift; path = SettingsViewController.swift; sourceTree = "<group>"; };
		8488265B2A449992007B9D72 /* Constant.swift */ = {isa = PBXFileReference; lastKnownFileType = sourcecode.swift; path = Constant.swift; sourceTree = "<group>"; };
		848826612A449BB6007B9D72 /* APIManager.swift */ = {isa = PBXFileReference; lastKnownFileType = sourcecode.swift; path = APIManager.swift; sourceTree = "<group>"; };
		848826652A44A33A007B9D72 /* ProductViewModel.swift */ = {isa = PBXFileReference; lastKnownFileType = sourcecode.swift; path = ProductViewModel.swift; sourceTree = "<group>"; };
		8492EDC52A45D39000FE3A5E /* ProductDetailCollectionViewCell.swift */ = {isa = PBXFileReference; lastKnownFileType = sourcecode.swift; path = ProductDetailCollectionViewCell.swift; sourceTree = "<group>"; };
		84A2DA722A4AC6F4002732EC /* TabBarViewController.swift */ = {isa = PBXFileReference; lastKnownFileType = sourcecode.swift; path = TabBarViewController.swift; sourceTree = "<group>"; };
		84AAA77A2A45891B000D2798 /* ProductCollectionViewCell.swift */ = {isa = PBXFileReference; lastKnownFileType = sourcecode.swift; path = ProductCollectionViewCell.swift; sourceTree = "<group>"; };
		84B301E82A4DD9DC00BF23B5 /* ANRTests.swift */ = {isa = PBXFileReference; lastKnownFileType = sourcecode.swift; path = ANRTests.swift; sourceTree = "<group>"; };
		84B301EB2A4ED16700BF23B5 /* OrderSuccessfulViewController.swift */ = {isa = PBXFileReference; lastKnownFileType = sourcecode.swift; path = OrderSuccessfulViewController.swift; sourceTree = "<group>"; };
		84B301EE2A4EDA0C00BF23B5 /* OrderSuccessfulView.swift */ = {isa = PBXFileReference; lastKnownFileType = sourcecode.swift; path = OrderSuccessfulView.swift; sourceTree = "<group>"; };
		84D977342A4488C700192330 /* CheckOutViewController.swift */ = {isa = PBXFileReference; lastKnownFileType = sourcecode.swift; path = CheckOutViewController.swift; sourceTree = "<group>"; };
		84F2A80A2AB069F900471E13 /* Identifier.swift */ = {isa = PBXFileReference; lastKnownFileType = sourcecode.swift; path = Identifier.swift; sourceTree = "<group>"; };
		84F2A80D2AB2FB1800471E13 /* CPUUsesTest.swift */ = {isa = PBXFileReference; lastKnownFileType = sourcecode.swift; path = CPUUsesTest.swift; sourceTree = "<group>"; };
		C93FCCB629100D9C00633487 /* PrimaryButtonStyle.swift */ = {isa = PBXFileReference; lastKnownFileType = sourcecode.swift; path = PrimaryButtonStyle.swift; sourceTree = "<group>"; };
		C93FCCB829103A7E00633487 /* CartItemRow.swift */ = {isa = PBXFileReference; lastKnownFileType = sourcecode.swift; path = CartItemRow.swift; sourceTree = "<group>"; };
		C94BF00B290ADBF0007E1C25 /* ProductListView.swift */ = {isa = PBXFileReference; lastKnownFileType = sourcecode.swift; path = ProductListView.swift; sourceTree = "<group>"; };
		C94BF00D290ADC02007E1C25 /* ProductDetailView.swift */ = {isa = PBXFileReference; lastKnownFileType = sourcecode.swift; path = ProductDetailView.swift; sourceTree = "<group>"; };
		C94BF010290ADC20007E1C25 /* ProductCell.swift */ = {isa = PBXFileReference; lastKnownFileType = sourcecode.swift; path = ProductCell.swift; sourceTree = "<group>"; };
		C94BF018290AE519007E1C25 /* TabContainerView.swift */ = {isa = PBXFileReference; lastKnownFileType = sourcecode.swift; path = TabContainerView.swift; sourceTree = "<group>"; };
		C94BF01A290AE580007E1C25 /* CartView.swift */ = {isa = PBXFileReference; lastKnownFileType = sourcecode.swift; path = CartView.swift; sourceTree = "<group>"; };
		C94BF01C290AE58A007E1C25 /* SettingsView.swift */ = {isa = PBXFileReference; lastKnownFileType = sourcecode.swift; path = SettingsView.swift; sourceTree = "<group>"; };
		C94BF02A290B1802007E1C25 /* CheckoutView.swift */ = {isa = PBXFileReference; lastKnownFileType = sourcecode.swift; path = CheckoutView.swift; sourceTree = "<group>"; };
		C9B9E58729B654EE007CC9DA /* README.md */ = {isa = PBXFileReference; lastKnownFileType = net.daringfireball.markdown; path = README.md; sourceTree = "<group>"; };
		C9C7D88E2939029C00950C55 /* LineItemRow.swift */ = {isa = PBXFileReference; lastKnownFileType = sourcecode.swift; path = LineItemRow.swift; sourceTree = "<group>"; };
		C9C7D8922939315D00950C55 /* RemoteImage.swift */ = {isa = PBXFileReference; fileEncoding = 4; lastKnownFileType = sourcecode.swift; path = RemoteImage.swift; sourceTree = "<group>"; };
		C9D83EA5294FEA9C00330F33 /* Info.plist */ = {isa = PBXFileReference; lastKnownFileType = text.plist; path = Info.plist; sourceTree = "<group>"; };
		C9F4A4122900DB6100BCDF3E /* Example-SwiftUI.app */ = {isa = PBXFileReference; explicitFileType = wrapper.application; includeInIndex = 0; path = "Example-SwiftUI.app"; sourceTree = BUILT_PRODUCTS_DIR; };
		C9F4A4152900DB6100BCDF3E /* ExampleApp.swift */ = {isa = PBXFileReference; lastKnownFileType = sourcecode.swift; path = ExampleApp.swift; sourceTree = "<group>"; };
		C9F4A4192900DB6200BCDF3E /* Assets.xcassets */ = {isa = PBXFileReference; lastKnownFileType = folder.assetcatalog; path = Assets.xcassets; sourceTree = "<group>"; };
		C9F4A41C2900DB6200BCDF3E /* Preview Assets.xcassets */ = {isa = PBXFileReference; lastKnownFileType = folder.assetcatalog; path = "Preview Assets.xcassets"; sourceTree = "<group>"; };
		C9F4A4222900DB6200BCDF3E /* Example-SwiftUITests.xctest */ = {isa = PBXFileReference; explicitFileType = wrapper.cfbundle; includeInIndex = 0; path = "Example-SwiftUITests.xctest"; sourceTree = BUILT_PRODUCTS_DIR; };
		C9F4A4262900DB6200BCDF3E /* Example_SwiftUITests.swift */ = {isa = PBXFileReference; lastKnownFileType = sourcecode.swift; path = Example_SwiftUITests.swift; sourceTree = "<group>"; };
		C9F4A42C2900DB6200BCDF3E /* Example-SwiftUIUITests.xctest */ = {isa = PBXFileReference; explicitFileType = wrapper.cfbundle; includeInIndex = 0; path = "Example-SwiftUIUITests.xctest"; sourceTree = BUILT_PRODUCTS_DIR; };
		C9F4A4302900DB6200BCDF3E /* Example_SwiftUIUITests.swift */ = {isa = PBXFileReference; lastKnownFileType = sourcecode.swift; path = Example_SwiftUIUITests.swift; sourceTree = "<group>"; };
		C9F4A4322900DB6200BCDF3E /* Example_SwiftUIUITestsLaunchTests.swift */ = {isa = PBXFileReference; lastKnownFileType = sourcecode.swift; path = Example_SwiftUIUITestsLaunchTests.swift; sourceTree = "<group>"; };
		C9F4A4492900DFE300BCDF3E /* Service */ = {isa = PBXFileReference; lastKnownFileType = wrapper; name = Service; path = Packages/Service; sourceTree = "<group>"; };
/* End PBXFileReference section */

/* Begin PBXFrameworksBuildPhase section */
		847CF4392A4315D7001E9011 /* Frameworks */ = {
			isa = PBXFrameworksBuildPhase;
			buildActionMask = 2147483647;
			files = (
				84A03BEB2A49DE16000C8BD0 /* Service in Frameworks */,
				84A03BED2A49DE16000C8BD0 /* IdentifiedCollections in Frameworks */,
				510C8EEA2ACECEB5007292B2 /* BlueTriangle in Frameworks */,
			);
			runOnlyForDeploymentPostprocessing = 0;
		};
		C9F4A40F2900DB6100BCDF3E /* Frameworks */ = {
			isa = PBXFrameworksBuildPhase;
			buildActionMask = 2147483647;
			files = (
				C9E1141A291421F00031E874 /* IdentifiedCollections in Frameworks */,
				C94BF015290AE2FC007E1C25 /* Service in Frameworks */,
				510C8EE82ACECE9E007292B2 /* BlueTriangle in Frameworks */,
			);
			runOnlyForDeploymentPostprocessing = 0;
		};
		C9F4A41F2900DB6200BCDF3E /* Frameworks */ = {
			isa = PBXFrameworksBuildPhase;
			buildActionMask = 2147483647;
			files = (
			);
			runOnlyForDeploymentPostprocessing = 0;
		};
		C9F4A4292900DB6200BCDF3E /* Frameworks */ = {
			isa = PBXFrameworksBuildPhase;
			buildActionMask = 2147483647;
			files = (
			);
			runOnlyForDeploymentPostprocessing = 0;
		};
/* End PBXFrameworksBuildPhase section */

/* Begin PBXGroup section */
		512A3FBF2AA1CFA2005D5A22 /* Unit Tests */ = {
			isa = PBXGroup;
			children = (
				512A3FBD2AA1CE2E005D5A22 /* UnitTestsViewController.swift */,
				512A3FC02AA1CFEF005D5A22 /* MemoryTestViewController.swift */,
				5170A8C52AA1F87C0091B65A /* CPUTestViewController.swift */,
			);
			path = "Unit Tests";
			sourceTree = "<group>";
		};
		512A3FC22AA1D1AA005D5A22 /* Unit Tests */ = {
			isa = PBXGroup;
			children = (
				512A3FC32AA1D1D6005D5A22 /* UnitTestsView.swift */,
				5170A8BE2AA1E82D0091B65A /* MemoryTestView.swift */,
				5170A8C32AA1F7490091B65A /* CPUTestView.swift */,
			);
			path = "Unit Tests";
			sourceTree = "<group>";
		};
		5198A2972A9F70CC003EFBEF /* TestFactory */ = {
			isa = PBXGroup;
			children = (
				5198A2982A9F7104003EFBEF /* MemoryAllocationTest.swift */,
				84F2A80D2AB2FB1800471E13 /* CPUUsesTest.swift */,
			);
			path = TestFactory;
			sourceTree = "<group>";
		};
		8419BD0E2A49CFD6009429C9 /* Helper */ = {
			isa = PBXGroup;
			children = (
				8419BD0F2A49CFD7009429C9 /* Constants.swift */,
				8419BD102A49CFD7009429C9 /* ImageLoader.swift */,
				8419BD112A49CFD7009429C9 /* CartRepository.swift */,
				84B301E82A4DD9DC00BF23B5 /* ANRTests.swift */,
				8419BD122A49CFD7009429C9 /* Configuration.swift */,
			);
			path = Helper;
			sourceTree = "<group>";
		};
		8419BD1B2A49CFE0009429C9 /* Models */ = {
			isa = PBXGroup;
			children = (
				8419BD1C2A49CFE0009429C9 /* CartItemModel.swift */,
				8419BD1D2A49CFE0009429C9 /* CartModel.swift */,
			);
			path = Models;
			sourceTree = "<group>";
		};
		8419BD222A49CFEC009429C9 /* ViewModels */ = {
			isa = PBXGroup;
			children = (
				8419BD232A49CFEC009429C9 /* ProductDetailViewModel.swift */,
				8419BD242A49CFEC009429C9 /* SettingsViewModel.swift */,
				8419BD252A49CFEC009429C9 /* CheckoutViewModel.swift */,
				8419BD262A49CFEC009429C9 /* ProductListViewModel.swift */,
				8419BD272A49CFEC009429C9 /* CartViewModel.swift */,
				5170A8C02AA1F3B50091B65A /* UnitTestsViewModel.swift */,
				51E1F49C2B5935CA00C7F523 /* HybridViewModel.swift */,
			);
			path = ViewModels;
			sourceTree = "<group>";
		};
		8419BD322A49CFFF009429C9 /* Extensions */ = {
			isa = PBXGroup;
			children = (
				8419BD332A49CFFF009429C9 /* Service+BTT.swift */,
				8419BD342A49CFFF009429C9 /* View+ErrorAlert.swift */,
				8419BD352A49CFFF009429C9 /* UIColor+Utils.swift */,
				8419BD362A49CFFF009429C9 /* String+LocalizedError.swift */,
				8419BD372A49CFFF009429C9 /* Collection+Utils.swift */,
				84F2A80A2AB069F900471E13 /* Identifier.swift */,
			);
			path = Extensions;
			sourceTree = "<group>";
		};
		847CF43D2A4315D7001E9011 /* Example-UIKit */ = {
			isa = PBXGroup;
			children = (
				51F61C922A4ACE9F0071F957 /* AppCoordinator.swift */,
				847CF43E2A4315D7001E9011 /* AppDelegate.swift */,
				847CF4402A4315D7001E9011 /* SceneDelegate.swift */,
				847CF4422A4315D7001E9011 /* ViewController.swift */,
				51F61C952A4ACF2B0071F957 /* BTTrackingConfigViewController.swift */,
				8488265B2A449992007B9D72 /* Constant.swift */,
				848826602A449B8E007B9D72 /* APIManger */,
				8488265D2A449B42007B9D72 /* Model */,
				848826642A44A324007B9D72 /* View Model */,
				847CF4502A4316E6001E9011 /* Views */,
				847CF4442A4315D7001E9011 /* Main.storyboard */,
				847CF4472A4315DB001E9011 /* Assets.xcassets */,
				847CF4492A4315DB001E9011 /* LaunchScreen.storyboard */,
				847CF44C2A4315DB001E9011 /* Info.plist */,
			);
			path = "Example-UIKit";
			sourceTree = "<group>";
		};
		847CF4502A4316E6001E9011 /* Views */ = {
			isa = PBXGroup;
			children = (
				84AAA7792A4588F8000D2798 /* Cell */,
				847CF4532A4318CE001E9011 /* Controller */,
			);
			path = Views;
			sourceTree = "<group>";
		};
		847CF4532A4318CE001E9011 /* Controller */ = {
			isa = PBXGroup;
			children = (
				512A3FBF2AA1CFA2005D5A22 /* Unit Tests */,
				847CF4542A431B10001E9011 /* ProductViewController.swift */,
				84A2DA722A4AC6F4002732EC /* TabBarViewController.swift */,
				847CF4582A433F35001E9011 /* ProductDetailViewController.swift */,
				847CF4622A4466DC001E9011 /* CartViewController.swift */,
				847CF4642A446736001E9011 /* SettingsViewController.swift */,
				84D977342A4488C700192330 /* CheckOutViewController.swift */,
				84B301EB2A4ED16700BF23B5 /* OrderSuccessfulViewController.swift */,
				51D6F4F42B35A38F0044A3F0 /* BttWebViewController.swift */,
			);
			path = Controller;
			sourceTree = "<group>";
		};
		8488265D2A449B42007B9D72 /* Model */ = {
			isa = PBXGroup;
			children = (
			);
			path = Model;
			sourceTree = "<group>";
		};
		848826602A449B8E007B9D72 /* APIManger */ = {
			isa = PBXGroup;
			children = (
				848826612A449BB6007B9D72 /* APIManager.swift */,
			);
			path = APIManger;
			sourceTree = "<group>";
		};
		848826642A44A324007B9D72 /* View Model */ = {
			isa = PBXGroup;
			children = (
				848826652A44A33A007B9D72 /* ProductViewModel.swift */,
			);
			path = "View Model";
			sourceTree = "<group>";
		};
		84AAA7792A4588F8000D2798 /* Cell */ = {
			isa = PBXGroup;
			children = (
				84AAA77A2A45891B000D2798 /* ProductCollectionViewCell.swift */,
				84538C812A4ABE6400EF70A2 /* CartItemTableViewCell.swift */,
				8492EDC52A45D39000FE3A5E /* ProductDetailCollectionViewCell.swift */,
			);
			path = Cell;
			sourceTree = "<group>";
		};
		C93FCCB529100D5600633487 /* View Styles */ = {
			isa = PBXGroup;
			children = (
				C93FCCB629100D9C00633487 /* PrimaryButtonStyle.swift */,
			);
			path = "View Styles";
			sourceTree = "<group>";
		};
		C94BF00A290ADBA6007E1C25 /* Views */ = {
			isa = PBXGroup;
			children = (
				512A3FC22AA1D1AA005D5A22 /* Unit Tests */,
				C94BF00F290ADC07007E1C25 /* Components */,
				C93FCCB529100D5600633487 /* View Styles */,
				C94BF01A290AE580007E1C25 /* CartView.swift */,
				C94BF02A290B1802007E1C25 /* CheckoutView.swift */,
				C94BF00D290ADC02007E1C25 /* ProductDetailView.swift */,
				84B301EE2A4EDA0C00BF23B5 /* OrderSuccessfulView.swift */,
				C94BF00B290ADBF0007E1C25 /* ProductListView.swift */,
				C94BF01C290AE58A007E1C25 /* SettingsView.swift */,
				51E1F49F2B5936D700C7F523 /* BttWebView.swift */,
				C94BF018290AE519007E1C25 /* TabContainerView.swift */,
			);
			path = Views;
			sourceTree = "<group>";
		};
		C94BF00F290ADC07007E1C25 /* Components */ = {
			isa = PBXGroup;
			children = (
				C93FCCB829103A7E00633487 /* CartItemRow.swift */,
				C9C7D88E2939029C00950C55 /* LineItemRow.swift */,
				C94BF010290ADC20007E1C25 /* ProductCell.swift */,
				C9C7D8922939315D00950C55 /* RemoteImage.swift */,
			);
			path = Components;
			sourceTree = "<group>";
		};
		C9D83EA1294FE52400330F33 /* Configuration */ = {
			isa = PBXGroup;
			children = (
				512BBE972A49ED1A00EAFD97 /* Config.xcconfig */,
			);
			path = Configuration;
			sourceTree = "<group>";
		};
		C9F4A4092900DB6100BCDF3E = {
			isa = PBXGroup;
			children = (
				C9B9E58729B654EE007CC9DA /* README.md */,
				5198339F2B55656100F71C1E /* template.html */,
				5118665A2B5AC56200574667 /* updated-template.html */,
				8419BD322A49CFFF009429C9 /* Extensions */,
				8419BD222A49CFEC009429C9 /* ViewModels */,
				5198A2972A9F70CC003EFBEF /* TestFactory */,
				8419BD1B2A49CFE0009429C9 /* Models */,
				8419BD0E2A49CFD6009429C9 /* Helper */,
				C9F4A4142900DB6100BCDF3E /* Example-SwiftUI */,
				C9F4A4252900DB6200BCDF3E /* Example-SwiftUITests */,
				C9F4A42F2900DB6200BCDF3E /* Example-SwiftUIUITests */,
				C9F4A4402900DC9900BCDF3E /* Packages */,
				847CF43D2A4315D7001E9011 /* Example-UIKit */,
				C9F4A4132900DB6100BCDF3E /* Products */,
				C9F4A4462900DE8400BCDF3E /* Frameworks */,
				C9D83EA1294FE52400330F33 /* Configuration */,
			);
			sourceTree = "<group>";
		};
		C9F4A4132900DB6100BCDF3E /* Products */ = {
			isa = PBXGroup;
			children = (
				C9F4A4122900DB6100BCDF3E /* Example-SwiftUI.app */,
				C9F4A4222900DB6200BCDF3E /* Example-SwiftUITests.xctest */,
				C9F4A42C2900DB6200BCDF3E /* Example-SwiftUIUITests.xctest */,
				847CF43C2A4315D7001E9011 /* Example-UIKit.app */,
			);
			name = Products;
			sourceTree = "<group>";
		};
		C9F4A4142900DB6100BCDF3E /* Example-SwiftUI */ = {
			isa = PBXGroup;
			children = (
				C9D83EA5294FEA9C00330F33 /* Info.plist */,
				C9F4A4152900DB6100BCDF3E /* ExampleApp.swift */,
				51F61C9E2A4AD6980071F957 /* BTTConfigModel.swift */,
				51F61C9A2A4AD3490071F957 /* BTTRootContrainerView.swift */,
				51F61C982A4AD1EB0071F957 /* BTTrackingConfigView.swift */,
				C9F4A41B2900DB6200BCDF3E /* Preview Content */,
				C9F4A43F2900DBD000BCDF3E /* Resources */,
				C94BF00A290ADBA6007E1C25 /* Views */,
			);
			path = "Example-SwiftUI";
			sourceTree = "<group>";
		};
		C9F4A41B2900DB6200BCDF3E /* Preview Content */ = {
			isa = PBXGroup;
			children = (
				C9F4A41C2900DB6200BCDF3E /* Preview Assets.xcassets */,
			);
			path = "Preview Content";
			sourceTree = "<group>";
		};
		C9F4A4252900DB6200BCDF3E /* Example-SwiftUITests */ = {
			isa = PBXGroup;
			children = (
				C9F4A4262900DB6200BCDF3E /* Example_SwiftUITests.swift */,
			);
			path = "Example-SwiftUITests";
			sourceTree = "<group>";
		};
		C9F4A42F2900DB6200BCDF3E /* Example-SwiftUIUITests */ = {
			isa = PBXGroup;
			children = (
				C9F4A4302900DB6200BCDF3E /* Example_SwiftUIUITests.swift */,
				C9F4A4322900DB6200BCDF3E /* Example_SwiftUIUITestsLaunchTests.swift */,
			);
			path = "Example-SwiftUIUITests";
			sourceTree = "<group>";
		};
		C9F4A43F2900DBD000BCDF3E /* Resources */ = {
			isa = PBXGroup;
			children = (
				C9F4A4192900DB6200BCDF3E /* Assets.xcassets */,
			);
			path = Resources;
			sourceTree = "<group>";
		};
		C9F4A4402900DC9900BCDF3E /* Packages */ = {
			isa = PBXGroup;
			children = (
				C9F4A4492900DFE300BCDF3E /* Service */,
			);
			name = Packages;
			sourceTree = "<group>";
		};
		C9F4A4462900DE8400BCDF3E /* Frameworks */ = {
			isa = PBXGroup;
			children = (
			);
			name = Frameworks;
			sourceTree = "<group>";
		};
/* End PBXGroup section */

/* Begin PBXNativeTarget section */
		847CF43B2A4315D7001E9011 /* Example-UIKit */ = {
			isa = PBXNativeTarget;
			buildConfigurationList = 847CF44F2A4315DB001E9011 /* Build configuration list for PBXNativeTarget "Example-UIKit" */;
			buildPhases = (
				847CF4382A4315D7001E9011 /* Sources */,
				847CF4392A4315D7001E9011 /* Frameworks */,
				847CF43A2A4315D7001E9011 /* Resources */,
			);
			buildRules = (
			);
			dependencies = (
			);
			name = "Example-UIKit";
			packageProductDependencies = (
				84A03BEA2A49DE16000C8BD0 /* Service */,
				84A03BEC2A49DE16000C8BD0 /* IdentifiedCollections */,
				510C8EE92ACECEB5007292B2 /* BlueTriangle */,
			);
			productName = "Example-UIKit";
			productReference = 847CF43C2A4315D7001E9011 /* Example-UIKit.app */;
			productType = "com.apple.product-type.application";
		};
		C9F4A4112900DB6100BCDF3E /* Example-SwiftUI */ = {
			isa = PBXNativeTarget;
			buildConfigurationList = C9F4A4362900DB6200BCDF3E /* Build configuration list for PBXNativeTarget "Example-SwiftUI" */;
			buildPhases = (
				C9F4A40E2900DB6100BCDF3E /* Sources */,
				C9F4A40F2900DB6100BCDF3E /* Frameworks */,
				C9F4A4102900DB6100BCDF3E /* Resources */,
			);
			buildRules = (
			);
			dependencies = (
			);
			name = "Example-SwiftUI";
			packageProductDependencies = (
				C94BF014290AE2FC007E1C25 /* Service */,
				C9E11419291421F00031E874 /* IdentifiedCollections */,
				510C8EE72ACECE9E007292B2 /* BlueTriangle */,
			);
			productName = "Example-SwiftUI";
			productReference = C9F4A4122900DB6100BCDF3E /* Example-SwiftUI.app */;
			productType = "com.apple.product-type.application";
		};
		C9F4A4212900DB6200BCDF3E /* Example-SwiftUITests */ = {
			isa = PBXNativeTarget;
			buildConfigurationList = C9F4A4392900DB6200BCDF3E /* Build configuration list for PBXNativeTarget "Example-SwiftUITests" */;
			buildPhases = (
				C9F4A41E2900DB6200BCDF3E /* Sources */,
				C9F4A41F2900DB6200BCDF3E /* Frameworks */,
				C9F4A4202900DB6200BCDF3E /* Resources */,
			);
			buildRules = (
			);
			dependencies = (
				C9F4A4242900DB6200BCDF3E /* PBXTargetDependency */,
			);
			name = "Example-SwiftUITests";
			productName = "Example-SwiftUITests";
			productReference = C9F4A4222900DB6200BCDF3E /* Example-SwiftUITests.xctest */;
			productType = "com.apple.product-type.bundle.unit-test";
		};
		C9F4A42B2900DB6200BCDF3E /* Example-SwiftUIUITests */ = {
			isa = PBXNativeTarget;
			buildConfigurationList = C9F4A43C2900DB6200BCDF3E /* Build configuration list for PBXNativeTarget "Example-SwiftUIUITests" */;
			buildPhases = (
				C9F4A4282900DB6200BCDF3E /* Sources */,
				C9F4A4292900DB6200BCDF3E /* Frameworks */,
				C9F4A42A2900DB6200BCDF3E /* Resources */,
			);
			buildRules = (
			);
			dependencies = (
				C9F4A42E2900DB6200BCDF3E /* PBXTargetDependency */,
			);
			name = "Example-SwiftUIUITests";
			productName = "Example-SwiftUIUITests";
			productReference = C9F4A42C2900DB6200BCDF3E /* Example-SwiftUIUITests.xctest */;
			productType = "com.apple.product-type.bundle.ui-testing";
		};
/* End PBXNativeTarget section */

/* Begin PBXProject section */
		C9F4A40A2900DB6100BCDF3E /* Project object */ = {
			isa = PBXProject;
			attributes = {
				BuildIndependentTargetsInParallel = 1;
				LastSwiftUpdateCheck = 1420;
				LastUpgradeCheck = 1400;
				ORGANIZATIONNAME = "Blue Triangle";
				TargetAttributes = {
					847CF43B2A4315D7001E9011 = {
						CreatedOnToolsVersion = 14.2;
					};
					C9F4A4112900DB6100BCDF3E = {
						CreatedOnToolsVersion = 14.0.1;
					};
					C9F4A4212900DB6200BCDF3E = {
						CreatedOnToolsVersion = 14.0.1;
						TestTargetID = C9F4A4112900DB6100BCDF3E;
					};
					C9F4A42B2900DB6200BCDF3E = {
						CreatedOnToolsVersion = 14.0.1;
						TestTargetID = C9F4A4112900DB6100BCDF3E;
					};
				};
			};
			buildConfigurationList = C9F4A40D2900DB6100BCDF3E /* Build configuration list for PBXProject "Example-SwiftUI" */;
			compatibilityVersion = "Xcode 14.0";
			developmentRegion = en;
			hasScannedForEncodings = 0;
			knownRegions = (
				en,
				Base,
			);
			mainGroup = C9F4A4092900DB6100BCDF3E;
			packageReferences = (
				C9E11418291421F00031E874 /* XCRemoteSwiftPackageReference "swift-identified-collections" */,
				510C8EE62ACECE9E007292B2 /* XCRemoteSwiftPackageReference "btt-swift-sdk" */,
			);
			productRefGroup = C9F4A4132900DB6100BCDF3E /* Products */;
			projectDirPath = "";
			projectRoot = "";
			targets = (
				C9F4A4112900DB6100BCDF3E /* Example-SwiftUI */,
				C9F4A4212900DB6200BCDF3E /* Example-SwiftUITests */,
				C9F4A42B2900DB6200BCDF3E /* Example-SwiftUIUITests */,
				847CF43B2A4315D7001E9011 /* Example-UIKit */,
			);
		};
/* End PBXProject section */

/* Begin PBXResourcesBuildPhase section */
		847CF43A2A4315D7001E9011 /* Resources */ = {
			isa = PBXResourcesBuildPhase;
			buildActionMask = 2147483647;
			files = (
				5118665C2B5AC89200574667 /* updated-template.html in Resources */,
				512BBE992A49ED1A00EAFD97 /* Config.xcconfig in Resources */,
				847CF44B2A4315DB001E9011 /* LaunchScreen.storyboard in Resources */,
				519833A12B55656100F71C1E /* template.html in Resources */,
				847CF4482A4315DB001E9011 /* Assets.xcassets in Resources */,
				847CF4462A4315D7001E9011 /* Main.storyboard in Resources */,
			);
			runOnlyForDeploymentPostprocessing = 0;
		};
		C9F4A4102900DB6100BCDF3E /* Resources */ = {
			isa = PBXResourcesBuildPhase;
			buildActionMask = 2147483647;
			files = (
				5118665B2B5AC56300574667 /* updated-template.html in Resources */,
				519833A02B55656100F71C1E /* template.html in Resources */,
				C9F4A41D2900DB6200BCDF3E /* Preview Assets.xcassets in Resources */,
				512BBE982A49ED1A00EAFD97 /* Config.xcconfig in Resources */,
				C9F4A41A2900DB6200BCDF3E /* Assets.xcassets in Resources */,
			);
			runOnlyForDeploymentPostprocessing = 0;
		};
		C9F4A4202900DB6200BCDF3E /* Resources */ = {
			isa = PBXResourcesBuildPhase;
			buildActionMask = 2147483647;
			files = (
			);
			runOnlyForDeploymentPostprocessing = 0;
		};
		C9F4A42A2900DB6200BCDF3E /* Resources */ = {
			isa = PBXResourcesBuildPhase;
			buildActionMask = 2147483647;
			files = (
			);
			runOnlyForDeploymentPostprocessing = 0;
		};
/* End PBXResourcesBuildPhase section */

/* Begin PBXSourcesBuildPhase section */
		847CF4382A4315D7001E9011 /* Sources */ = {
			isa = PBXSourcesBuildPhase;
			buildActionMask = 2147483647;
			files = (
				847CF4432A4315D7001E9011 /* ViewController.swift in Sources */,
				847CF4592A433F35001E9011 /* ProductDetailViewController.swift in Sources */,
				848826662A44A33A007B9D72 /* ProductViewModel.swift in Sources */,
				8492EDC62A45D39000FE3A5E /* ProductDetailCollectionViewCell.swift in Sources */,
				847CF4652A446736001E9011 /* SettingsViewController.swift in Sources */,
				8419BD212A49CFE1009429C9 /* CartModel.swift in Sources */,
				8419BD3B2A49CFFF009429C9 /* View+ErrorAlert.swift in Sources */,
				8419BD142A49CFD7009429C9 /* Constants.swift in Sources */,
				8419BD162A49CFD7009429C9 /* ImageLoader.swift in Sources */,
				847CF43F2A4315D7001E9011 /* AppDelegate.swift in Sources */,
				51E1F49E2B5935CA00C7F523 /* HybridViewModel.swift in Sources */,
				84F2A80F2AB2FB1800471E13 /* CPUUsesTest.swift in Sources */,
				848826622A449BB6007B9D72 /* APIManager.swift in Sources */,
				51D6F4F52B35A38F0044A3F0 /* BttWebViewController.swift in Sources */,
				84AAA77B2A45891B000D2798 /* ProductCollectionViewCell.swift in Sources */,
				5198A29A2A9F7114003EFBEF /* MemoryAllocationTest.swift in Sources */,
				512A3FC12AA1CFEF005D5A22 /* MemoryTestViewController.swift in Sources */,
				51F61C942A4ACE9F0071F957 /* AppCoordinator.swift in Sources */,
				84D977352A4488C700192330 /* CheckOutViewController.swift in Sources */,
				847CF4552A431B10001E9011 /* ProductViewController.swift in Sources */,
				84538C822A4ABE6400EF70A2 /* CartItemTableViewCell.swift in Sources */,
				8419BD1A2A49CFD7009429C9 /* Configuration.swift in Sources */,
				51F61C972A4ACF2B0071F957 /* BTTrackingConfigViewController.swift in Sources */,
				8419BD412A49CFFF009429C9 /* Collection+Utils.swift in Sources */,
				8419BD392A49CFFF009429C9 /* Service+BTT.swift in Sources */,
				8419BD2F2A49CFEC009429C9 /* ProductListViewModel.swift in Sources */,
				847CF4632A4466DC001E9011 /* CartViewController.swift in Sources */,
				84F2A80C2AB069F900471E13 /* Identifier.swift in Sources */,
				8419BD3F2A49CFFF009429C9 /* String+LocalizedError.swift in Sources */,
				8419BD312A49CFEC009429C9 /* CartViewModel.swift in Sources */,
				8419BD182A49CFD7009429C9 /* CartRepository.swift in Sources */,
				8419BD2D2A49CFEC009429C9 /* CheckoutViewModel.swift in Sources */,
				8419BD292A49CFEC009429C9 /* ProductDetailViewModel.swift in Sources */,
				84B301EA2A4DD9DC00BF23B5 /* ANRTests.swift in Sources */,
				512A3FBE2AA1CE2E005D5A22 /* UnitTestsViewController.swift in Sources */,
				847CF4412A4315D7001E9011 /* SceneDelegate.swift in Sources */,
				8419BD2B2A49CFEC009429C9 /* SettingsViewModel.swift in Sources */,
				8488265C2A449992007B9D72 /* Constant.swift in Sources */,
				5170A8C22AA1F4090091B65A /* UnitTestsViewModel.swift in Sources */,
				8419BD1F2A49CFE1009429C9 /* CartItemModel.swift in Sources */,
				8419BD3D2A49CFFF009429C9 /* UIColor+Utils.swift in Sources */,
				5170A8C62AA1F87C0091B65A /* CPUTestViewController.swift in Sources */,
				84B301ED2A4ED16700BF23B5 /* OrderSuccessfulViewController.swift in Sources */,
				84A2DA732A4AC6F4002732EC /* TabBarViewController.swift in Sources */,
			);
			runOnlyForDeploymentPostprocessing = 0;
		};
		C9F4A40E2900DB6100BCDF3E /* Sources */ = {
			isa = PBXSourcesBuildPhase;
			buildActionMask = 2147483647;
			files = (
				8419BD2E2A49CFEC009429C9 /* ProductListViewModel.swift in Sources */,
				8419BD2C2A49CFEC009429C9 /* CheckoutViewModel.swift in Sources */,
				8419BD382A49CFFF009429C9 /* Service+BTT.swift in Sources */,
				512A3FC42AA1D1D6005D5A22 /* UnitTestsView.swift in Sources */,
				8419BD152A49CFD7009429C9 /* ImageLoader.swift in Sources */,
				C93FCCB729100D9C00633487 /* PrimaryButtonStyle.swift in Sources */,
				5170A8C12AA1F3B50091B65A /* UnitTestsViewModel.swift in Sources */,
				C9C7D88F2939029C00950C55 /* LineItemRow.swift in Sources */,
				8419BD172A49CFD7009429C9 /* CartRepository.swift in Sources */,
				C94BF01B290AE580007E1C25 /* CartView.swift in Sources */,
				51F61C9F2A4AD6980071F957 /* BTTConfigModel.swift in Sources */,
				C94BF00C290ADBF0007E1C25 /* ProductListView.swift in Sources */,
				8419BD192A49CFD7009429C9 /* Configuration.swift in Sources */,
				8419BD302A49CFEC009429C9 /* CartViewModel.swift in Sources */,
				8419BD3C2A49CFFF009429C9 /* UIColor+Utils.swift in Sources */,
				C94BF00E290ADC02007E1C25 /* ProductDetailView.swift in Sources */,
				84F2A80B2AB069F900471E13 /* Identifier.swift in Sources */,
				8419BD402A49CFFF009429C9 /* Collection+Utils.swift in Sources */,
				C94BF01D290AE58A007E1C25 /* SettingsView.swift in Sources */,
				51F61C992A4AD1EB0071F957 /* BTTrackingConfigView.swift in Sources */,
				8419BD202A49CFE1009429C9 /* CartModel.swift in Sources */,
				8419BD3A2A49CFFF009429C9 /* View+ErrorAlert.swift in Sources */,
				5170A8C42AA1F7490091B65A /* CPUTestView.swift in Sources */,
				51F61C9B2A4AD3490071F957 /* BTTRootContrainerView.swift in Sources */,
				8419BD1E2A49CFE1009429C9 /* CartItemModel.swift in Sources */,
				8419BD282A49CFEC009429C9 /* ProductDetailViewModel.swift in Sources */,
				51E1F4A02B5936D700C7F523 /* BttWebView.swift in Sources */,
				C94BF011290ADC20007E1C25 /* ProductCell.swift in Sources */,
				8419BD132A49CFD7009429C9 /* Constants.swift in Sources */,
				C9F4A4162900DB6100BCDF3E /* ExampleApp.swift in Sources */,
				8419BD2A2A49CFEC009429C9 /* SettingsViewModel.swift in Sources */,
				5170A8BF2AA1E82D0091B65A /* MemoryTestView.swift in Sources */,
				84B301EF2A4EDA0C00BF23B5 /* OrderSuccessfulView.swift in Sources */,
				8419BD3E2A49CFFF009429C9 /* String+LocalizedError.swift in Sources */,
				C9C7D8932939315D00950C55 /* RemoteImage.swift in Sources */,
				C94BF02B290B1803007E1C25 /* CheckoutView.swift in Sources */,
				51E1F49D2B5935CA00C7F523 /* HybridViewModel.swift in Sources */,
				84B301E92A4DD9DC00BF23B5 /* ANRTests.swift in Sources */,
				84F2A80E2AB2FB1800471E13 /* CPUUsesTest.swift in Sources */,
				C94BF019290AE519007E1C25 /* TabContainerView.swift in Sources */,
				5198A2992A9F7104003EFBEF /* MemoryAllocationTest.swift in Sources */,
				C93FCCB929103A7E00633487 /* CartItemRow.swift in Sources */,
			);
			runOnlyForDeploymentPostprocessing = 0;
		};
		C9F4A41E2900DB6200BCDF3E /* Sources */ = {
			isa = PBXSourcesBuildPhase;
			buildActionMask = 2147483647;
			files = (
				C9F4A4272900DB6200BCDF3E /* Example_SwiftUITests.swift in Sources */,
			);
			runOnlyForDeploymentPostprocessing = 0;
		};
		C9F4A4282900DB6200BCDF3E /* Sources */ = {
			isa = PBXSourcesBuildPhase;
			buildActionMask = 2147483647;
			files = (
				C9F4A4312900DB6200BCDF3E /* Example_SwiftUIUITests.swift in Sources */,
				C9F4A4332900DB6200BCDF3E /* Example_SwiftUIUITestsLaunchTests.swift in Sources */,
			);
			runOnlyForDeploymentPostprocessing = 0;
		};
/* End PBXSourcesBuildPhase section */

/* Begin PBXTargetDependency section */
		C9F4A4242900DB6200BCDF3E /* PBXTargetDependency */ = {
			isa = PBXTargetDependency;
			target = C9F4A4112900DB6100BCDF3E /* Example-SwiftUI */;
			targetProxy = C9F4A4232900DB6200BCDF3E /* PBXContainerItemProxy */;
		};
		C9F4A42E2900DB6200BCDF3E /* PBXTargetDependency */ = {
			isa = PBXTargetDependency;
			target = C9F4A4112900DB6100BCDF3E /* Example-SwiftUI */;
			targetProxy = C9F4A42D2900DB6200BCDF3E /* PBXContainerItemProxy */;
		};
/* End PBXTargetDependency section */

/* Begin PBXVariantGroup section */
		847CF4442A4315D7001E9011 /* Main.storyboard */ = {
			isa = PBXVariantGroup;
			children = (
				847CF4452A4315D7001E9011 /* Base */,
			);
			name = Main.storyboard;
			sourceTree = "<group>";
		};
		847CF4492A4315DB001E9011 /* LaunchScreen.storyboard */ = {
			isa = PBXVariantGroup;
			children = (
				847CF44A2A4315DB001E9011 /* Base */,
			);
			name = LaunchScreen.storyboard;
			sourceTree = "<group>";
		};
/* End PBXVariantGroup section */

/* Begin XCBuildConfiguration section */
		847CF44D2A4315DB001E9011 /* Debug */ = {
			isa = XCBuildConfiguration;
			baseConfigurationReference = 512BBE972A49ED1A00EAFD97 /* Config.xcconfig */;
			buildSettings = {
				ASSETCATALOG_COMPILER_APPICON_NAME = AppIcon;
				ASSETCATALOG_COMPILER_GLOBAL_ACCENT_COLOR_NAME = AccentColor;
				ASSETCATALOG_COMPILER_INCLUDE_ALL_APPICON_ASSETS = NO;
				CODE_SIGN_STYLE = Automatic;
				CURRENT_PROJECT_VERSION = 3;
				DEVELOPMENT_TEAM = RFX6NF2RC6;
				GENERATE_INFOPLIST_FILE = YES;
				INFOPLIST_FILE = "Example-UIKit/Info.plist";
				INFOPLIST_KEY_CFBundleDisplayName = "UIKit Demo";
				INFOPLIST_KEY_UIApplicationSupportsIndirectInputEvents = YES;
				INFOPLIST_KEY_UILaunchStoryboardName = LaunchScreen;
				INFOPLIST_KEY_UIMainStoryboardFile = Main;
				INFOPLIST_KEY_UISupportedInterfaceOrientations_iPad = "UIInterfaceOrientationPortrait UIInterfaceOrientationPortraitUpsideDown UIInterfaceOrientationLandscapeLeft UIInterfaceOrientationLandscapeRight";
				INFOPLIST_KEY_UISupportedInterfaceOrientations_iPhone = "UIInterfaceOrientationPortrait UIInterfaceOrientationLandscapeLeft UIInterfaceOrientationLandscapeRight";
				IPHONEOS_DEPLOYMENT_TARGET = 16.0;
				LD_RUNPATH_SEARCH_PATHS = (
					"$(inherited)",
					"@executable_path/Frameworks",
				);
				MARKETING_VERSION = 1.0.0;
				PRODUCT_BUNDLE_IDENTIFIER = com.bluetriangle.bluetriangledemo.UIKit;
				PRODUCT_NAME = "$(TARGET_NAME)";
				SUPPORTED_PLATFORMS = "iphoneos iphonesimulator";
				SUPPORTS_MACCATALYST = NO;
				SUPPORTS_MAC_DESIGNED_FOR_IPHONE_IPAD = NO;
				SUPPORTS_XR_DESIGNED_FOR_IPHONE_IPAD = NO;
				SWIFT_EMIT_LOC_STRINGS = YES;
				SWIFT_VERSION = 5.0;
				TARGETED_DEVICE_FAMILY = "1,2";
			};
			name = Debug;
		};
		847CF44E2A4315DB001E9011 /* Release */ = {
			isa = XCBuildConfiguration;
			baseConfigurationReference = 512BBE972A49ED1A00EAFD97 /* Config.xcconfig */;
			buildSettings = {
				ASSETCATALOG_COMPILER_APPICON_NAME = AppIcon;
				ASSETCATALOG_COMPILER_GLOBAL_ACCENT_COLOR_NAME = AccentColor;
				ASSETCATALOG_COMPILER_INCLUDE_ALL_APPICON_ASSETS = NO;
				CODE_SIGN_STYLE = Automatic;
				CURRENT_PROJECT_VERSION = 3;
				DEVELOPMENT_TEAM = RFX6NF2RC6;
				GENERATE_INFOPLIST_FILE = YES;
				INFOPLIST_FILE = "Example-UIKit/Info.plist";
				INFOPLIST_KEY_CFBundleDisplayName = "UIKit Demo";
				INFOPLIST_KEY_UIApplicationSupportsIndirectInputEvents = YES;
				INFOPLIST_KEY_UILaunchStoryboardName = LaunchScreen;
				INFOPLIST_KEY_UIMainStoryboardFile = Main;
				INFOPLIST_KEY_UISupportedInterfaceOrientations_iPad = "UIInterfaceOrientationPortrait UIInterfaceOrientationPortraitUpsideDown UIInterfaceOrientationLandscapeLeft UIInterfaceOrientationLandscapeRight";
				INFOPLIST_KEY_UISupportedInterfaceOrientations_iPhone = "UIInterfaceOrientationPortrait UIInterfaceOrientationLandscapeLeft UIInterfaceOrientationLandscapeRight";
				IPHONEOS_DEPLOYMENT_TARGET = 16.0;
				LD_RUNPATH_SEARCH_PATHS = (
					"$(inherited)",
					"@executable_path/Frameworks",
				);
				MARKETING_VERSION = 1.0.0;
				PRODUCT_BUNDLE_IDENTIFIER = com.bluetriangle.bluetriangledemo.UIKit;
				PRODUCT_NAME = "$(TARGET_NAME)";
				SUPPORTED_PLATFORMS = "iphoneos iphonesimulator";
				SUPPORTS_MACCATALYST = NO;
				SUPPORTS_MAC_DESIGNED_FOR_IPHONE_IPAD = NO;
				SUPPORTS_XR_DESIGNED_FOR_IPHONE_IPAD = NO;
				SWIFT_EMIT_LOC_STRINGS = YES;
				SWIFT_VERSION = 5.0;
				TARGETED_DEVICE_FAMILY = "1,2";
			};
			name = Release;
		};
		C9F4A4342900DB6200BCDF3E /* Debug */ = {
			isa = XCBuildConfiguration;
			buildSettings = {
				ALWAYS_SEARCH_USER_PATHS = NO;
				CLANG_ANALYZER_NONNULL = YES;
				CLANG_ANALYZER_NUMBER_OBJECT_CONVERSION = YES_AGGRESSIVE;
				CLANG_CXX_LANGUAGE_STANDARD = "gnu++20";
				CLANG_ENABLE_MODULES = YES;
				CLANG_ENABLE_OBJC_ARC = YES;
				CLANG_ENABLE_OBJC_WEAK = YES;
				CLANG_WARN_BLOCK_CAPTURE_AUTORELEASING = YES;
				CLANG_WARN_BOOL_CONVERSION = YES;
				CLANG_WARN_COMMA = YES;
				CLANG_WARN_CONSTANT_CONVERSION = YES;
				CLANG_WARN_DEPRECATED_OBJC_IMPLEMENTATIONS = YES;
				CLANG_WARN_DIRECT_OBJC_ISA_USAGE = YES_ERROR;
				CLANG_WARN_DOCUMENTATION_COMMENTS = YES;
				CLANG_WARN_EMPTY_BODY = YES;
				CLANG_WARN_ENUM_CONVERSION = YES;
				CLANG_WARN_INFINITE_RECURSION = YES;
				CLANG_WARN_INT_CONVERSION = YES;
				CLANG_WARN_NON_LITERAL_NULL_CONVERSION = YES;
				CLANG_WARN_OBJC_IMPLICIT_RETAIN_SELF = YES;
				CLANG_WARN_OBJC_LITERAL_CONVERSION = YES;
				CLANG_WARN_OBJC_ROOT_CLASS = YES_ERROR;
				CLANG_WARN_QUOTED_INCLUDE_IN_FRAMEWORK_HEADER = YES;
				CLANG_WARN_RANGE_LOOP_ANALYSIS = YES;
				CLANG_WARN_STRICT_PROTOTYPES = YES;
				CLANG_WARN_SUSPICIOUS_MOVE = YES;
				CLANG_WARN_UNGUARDED_AVAILABILITY = YES_AGGRESSIVE;
				CLANG_WARN_UNREACHABLE_CODE = YES;
				CLANG_WARN__DUPLICATE_METHOD_MATCH = YES;
				COPY_PHASE_STRIP = NO;
				DEBUG_INFORMATION_FORMAT = dwarf;
				ENABLE_STRICT_OBJC_MSGSEND = YES;
				ENABLE_TESTABILITY = YES;
				GCC_C_LANGUAGE_STANDARD = gnu11;
				GCC_DYNAMIC_NO_PIC = NO;
				GCC_NO_COMMON_BLOCKS = YES;
				GCC_OPTIMIZATION_LEVEL = 0;
				GCC_PREPROCESSOR_DEFINITIONS = (
					"DEBUG=1",
					"$(inherited)",
				);
				GCC_WARN_64_TO_32_BIT_CONVERSION = YES;
				GCC_WARN_ABOUT_RETURN_TYPE = YES_ERROR;
				GCC_WARN_UNDECLARED_SELECTOR = YES;
				GCC_WARN_UNINITIALIZED_AUTOS = YES_AGGRESSIVE;
				GCC_WARN_UNUSED_FUNCTION = YES;
				GCC_WARN_UNUSED_VARIABLE = YES;
				IPHONEOS_DEPLOYMENT_TARGET = 16.0;
				MTL_ENABLE_DEBUG_INFO = INCLUDE_SOURCE;
				MTL_FAST_MATH = YES;
				ONLY_ACTIVE_ARCH = YES;
				SDKROOT = iphoneos;
				SWIFT_ACTIVE_COMPILATION_CONDITIONS = DEBUG;
				SWIFT_OPTIMIZATION_LEVEL = "-Onone";
			};
			name = Debug;
		};
		C9F4A4352900DB6200BCDF3E /* Release */ = {
			isa = XCBuildConfiguration;
			buildSettings = {
				ALWAYS_SEARCH_USER_PATHS = NO;
				CLANG_ANALYZER_NONNULL = YES;
				CLANG_ANALYZER_NUMBER_OBJECT_CONVERSION = YES_AGGRESSIVE;
				CLANG_CXX_LANGUAGE_STANDARD = "gnu++20";
				CLANG_ENABLE_MODULES = YES;
				CLANG_ENABLE_OBJC_ARC = YES;
				CLANG_ENABLE_OBJC_WEAK = YES;
				CLANG_WARN_BLOCK_CAPTURE_AUTORELEASING = YES;
				CLANG_WARN_BOOL_CONVERSION = YES;
				CLANG_WARN_COMMA = YES;
				CLANG_WARN_CONSTANT_CONVERSION = YES;
				CLANG_WARN_DEPRECATED_OBJC_IMPLEMENTATIONS = YES;
				CLANG_WARN_DIRECT_OBJC_ISA_USAGE = YES_ERROR;
				CLANG_WARN_DOCUMENTATION_COMMENTS = YES;
				CLANG_WARN_EMPTY_BODY = YES;
				CLANG_WARN_ENUM_CONVERSION = YES;
				CLANG_WARN_INFINITE_RECURSION = YES;
				CLANG_WARN_INT_CONVERSION = YES;
				CLANG_WARN_NON_LITERAL_NULL_CONVERSION = YES;
				CLANG_WARN_OBJC_IMPLICIT_RETAIN_SELF = YES;
				CLANG_WARN_OBJC_LITERAL_CONVERSION = YES;
				CLANG_WARN_OBJC_ROOT_CLASS = YES_ERROR;
				CLANG_WARN_QUOTED_INCLUDE_IN_FRAMEWORK_HEADER = YES;
				CLANG_WARN_RANGE_LOOP_ANALYSIS = YES;
				CLANG_WARN_STRICT_PROTOTYPES = YES;
				CLANG_WARN_SUSPICIOUS_MOVE = YES;
				CLANG_WARN_UNGUARDED_AVAILABILITY = YES_AGGRESSIVE;
				CLANG_WARN_UNREACHABLE_CODE = YES;
				CLANG_WARN__DUPLICATE_METHOD_MATCH = YES;
				COPY_PHASE_STRIP = NO;
				DEBUG_INFORMATION_FORMAT = "dwarf-with-dsym";
				ENABLE_NS_ASSERTIONS = NO;
				ENABLE_STRICT_OBJC_MSGSEND = YES;
				GCC_C_LANGUAGE_STANDARD = gnu11;
				GCC_NO_COMMON_BLOCKS = YES;
				GCC_WARN_64_TO_32_BIT_CONVERSION = YES;
				GCC_WARN_ABOUT_RETURN_TYPE = YES_ERROR;
				GCC_WARN_UNDECLARED_SELECTOR = YES;
				GCC_WARN_UNINITIALIZED_AUTOS = YES_AGGRESSIVE;
				GCC_WARN_UNUSED_FUNCTION = YES;
				GCC_WARN_UNUSED_VARIABLE = YES;
				IPHONEOS_DEPLOYMENT_TARGET = 16.0;
				MTL_ENABLE_DEBUG_INFO = NO;
				MTL_FAST_MATH = YES;
				SDKROOT = iphoneos;
				SWIFT_COMPILATION_MODE = wholemodule;
				SWIFT_OPTIMIZATION_LEVEL = "-O";
				VALIDATE_PRODUCT = YES;
			};
			name = Release;
		};
		C9F4A4372900DB6200BCDF3E /* Debug */ = {
			isa = XCBuildConfiguration;
			baseConfigurationReference = 512BBE972A49ED1A00EAFD97 /* Config.xcconfig */;
			buildSettings = {
				ASSETCATALOG_COMPILER_APPICON_NAME = AppIcon;
				ASSETCATALOG_COMPILER_GLOBAL_ACCENT_COLOR_NAME = AccentColor;
				ASSETCATALOG_COMPILER_INCLUDE_ALL_APPICON_ASSETS = NO;
				CODE_SIGN_IDENTITY = "Apple Development";
				CODE_SIGN_STYLE = Automatic;
				CURRENT_PROJECT_VERSION = 1;
				DEVELOPMENT_ASSET_PATHS = "\"Example-SwiftUI/Preview Content\"";
				DEVELOPMENT_TEAM = RFX6NF2RC6;
				ENABLE_PREVIEWS = YES;
				GENERATE_INFOPLIST_FILE = YES;
				INFOPLIST_FILE = "Example-SwiftUI/Info.plist";
				INFOPLIST_KEY_CFBundleDisplayName = "SwiftUI Demo";
				INFOPLIST_KEY_UIApplicationSceneManifest_Generation = YES;
				INFOPLIST_KEY_UIApplicationSupportsIndirectInputEvents = YES;
				INFOPLIST_KEY_UILaunchScreen_Generation = YES;
				INFOPLIST_KEY_UISupportedInterfaceOrientations_iPad = "UIInterfaceOrientationPortrait UIInterfaceOrientationPortraitUpsideDown UIInterfaceOrientationLandscapeLeft UIInterfaceOrientationLandscapeRight";
				INFOPLIST_KEY_UISupportedInterfaceOrientations_iPhone = "UIInterfaceOrientationPortrait UIInterfaceOrientationLandscapeLeft UIInterfaceOrientationLandscapeRight";
				IPHONEOS_DEPLOYMENT_TARGET = 16.0;
				LD_RUNPATH_SEARCH_PATHS = (
					"$(inherited)",
					"@executable_path/Frameworks",
				);
				MARKETING_VERSION = 3.5.0;
				PRODUCT_BUNDLE_IDENTIFIER = com.bluetriangle.bluetriangledemo.SwiftUI;
				PRODUCT_NAME = "$(TARGET_NAME)";
				PROVISIONING_PROFILE_SPECIFIER = "";
				SUPPORTED_PLATFORMS = "iphoneos iphonesimulator";
				SUPPORTS_MACCATALYST = NO;
				SUPPORTS_MAC_DESIGNED_FOR_IPHONE_IPAD = NO;
				SUPPORTS_XR_DESIGNED_FOR_IPHONE_IPAD = NO;
				SWIFT_EMIT_LOC_STRINGS = YES;
				SWIFT_VERSION = 5.0;
				TARGETED_DEVICE_FAMILY = "1,2";
			};
			name = Debug;
		};
		C9F4A4382900DB6200BCDF3E /* Release */ = {
			isa = XCBuildConfiguration;
			baseConfigurationReference = 512BBE972A49ED1A00EAFD97 /* Config.xcconfig */;
			buildSettings = {
				ASSETCATALOG_COMPILER_APPICON_NAME = AppIcon;
				ASSETCATALOG_COMPILER_GLOBAL_ACCENT_COLOR_NAME = AccentColor;
				ASSETCATALOG_COMPILER_INCLUDE_ALL_APPICON_ASSETS = NO;
				CODE_SIGN_IDENTITY = "Apple Development";
				CODE_SIGN_STYLE = Automatic;
				CURRENT_PROJECT_VERSION = 1;
				DEVELOPMENT_ASSET_PATHS = "\"Example-SwiftUI/Preview Content\"";
				DEVELOPMENT_TEAM = RFX6NF2RC6;
				ENABLE_PREVIEWS = YES;
				GENERATE_INFOPLIST_FILE = YES;
				INFOPLIST_FILE = "Example-SwiftUI/Info.plist";
				INFOPLIST_KEY_CFBundleDisplayName = "SwiftUI Demo";
				INFOPLIST_KEY_UIApplicationSceneManifest_Generation = YES;
				INFOPLIST_KEY_UIApplicationSupportsIndirectInputEvents = YES;
				INFOPLIST_KEY_UILaunchScreen_Generation = YES;
				INFOPLIST_KEY_UISupportedInterfaceOrientations_iPad = "UIInterfaceOrientationPortrait UIInterfaceOrientationPortraitUpsideDown UIInterfaceOrientationLandscapeLeft UIInterfaceOrientationLandscapeRight";
				INFOPLIST_KEY_UISupportedInterfaceOrientations_iPhone = "UIInterfaceOrientationPortrait UIInterfaceOrientationLandscapeLeft UIInterfaceOrientationLandscapeRight";
				IPHONEOS_DEPLOYMENT_TARGET = 16.0;
				LD_RUNPATH_SEARCH_PATHS = (
					"$(inherited)",
					"@executable_path/Frameworks",
				);
				MARKETING_VERSION = 3.5.0;
				PRODUCT_BUNDLE_IDENTIFIER = com.bluetriangle.bluetriangledemo.SwiftUI;
				PRODUCT_NAME = "$(TARGET_NAME)";
				PROVISIONING_PROFILE_SPECIFIER = "";
				SUPPORTED_PLATFORMS = "iphoneos iphonesimulator";
				SUPPORTS_MACCATALYST = NO;
				SUPPORTS_MAC_DESIGNED_FOR_IPHONE_IPAD = NO;
				SUPPORTS_XR_DESIGNED_FOR_IPHONE_IPAD = NO;
				SWIFT_EMIT_LOC_STRINGS = YES;
				SWIFT_VERSION = 5.0;
				TARGETED_DEVICE_FAMILY = "1,2";
			};
			name = Release;
		};
		C9F4A43A2900DB6200BCDF3E /* Debug */ = {
			isa = XCBuildConfiguration;
			buildSettings = {
				ALWAYS_EMBED_SWIFT_STANDARD_LIBRARIES = YES;
				BUNDLE_LOADER = "$(TEST_HOST)";
				CODE_SIGN_STYLE = Automatic;
				CURRENT_PROJECT_VERSION = 1;
				DEVELOPMENT_TEAM = 2PMX4WLK83;
				GENERATE_INFOPLIST_FILE = YES;
				IPHONEOS_DEPLOYMENT_TARGET = 16.0;
				MARKETING_VERSION = 1.0;
				PRODUCT_BUNDLE_IDENTIFIER = "com.bluetriangle.Example-SwiftUITests";
				PRODUCT_NAME = "$(TARGET_NAME)";
				SWIFT_EMIT_LOC_STRINGS = NO;
				SWIFT_VERSION = 5.0;
				TARGETED_DEVICE_FAMILY = "1,2";
				TEST_HOST = "$(BUILT_PRODUCTS_DIR)/Example-SwiftUI.app/$(BUNDLE_EXECUTABLE_FOLDER_PATH)/Example-SwiftUI";
			};
			name = Debug;
		};
		C9F4A43B2900DB6200BCDF3E /* Release */ = {
			isa = XCBuildConfiguration;
			buildSettings = {
				ALWAYS_EMBED_SWIFT_STANDARD_LIBRARIES = YES;
				BUNDLE_LOADER = "$(TEST_HOST)";
				CODE_SIGN_STYLE = Automatic;
				CURRENT_PROJECT_VERSION = 1;
				DEVELOPMENT_TEAM = 2PMX4WLK83;
				GENERATE_INFOPLIST_FILE = YES;
				IPHONEOS_DEPLOYMENT_TARGET = 16.0;
				MARKETING_VERSION = 1.0;
				PRODUCT_BUNDLE_IDENTIFIER = "com.bluetriangle.Example-SwiftUITests";
				PRODUCT_NAME = "$(TARGET_NAME)";
				SWIFT_EMIT_LOC_STRINGS = NO;
				SWIFT_VERSION = 5.0;
				TARGETED_DEVICE_FAMILY = "1,2";
				TEST_HOST = "$(BUILT_PRODUCTS_DIR)/Example-SwiftUI.app/$(BUNDLE_EXECUTABLE_FOLDER_PATH)/Example-SwiftUI";
			};
			name = Release;
		};
		C9F4A43D2900DB6200BCDF3E /* Debug */ = {
			isa = XCBuildConfiguration;
			buildSettings = {
				ALWAYS_EMBED_SWIFT_STANDARD_LIBRARIES = YES;
				CODE_SIGN_STYLE = Automatic;
				CURRENT_PROJECT_VERSION = 1;
				DEVELOPMENT_TEAM = 2PMX4WLK83;
				GENERATE_INFOPLIST_FILE = YES;
				MARKETING_VERSION = 1.0;
				PRODUCT_BUNDLE_IDENTIFIER = "com.bluetriangle.Example-SwiftUIUITests";
				PRODUCT_NAME = "$(TARGET_NAME)";
				SWIFT_EMIT_LOC_STRINGS = NO;
				SWIFT_VERSION = 5.0;
				TARGETED_DEVICE_FAMILY = "1,2";
				TEST_TARGET_NAME = "Example-SwiftUI";
			};
			name = Debug;
		};
		C9F4A43E2900DB6200BCDF3E /* Release */ = {
			isa = XCBuildConfiguration;
			buildSettings = {
				ALWAYS_EMBED_SWIFT_STANDARD_LIBRARIES = YES;
				CODE_SIGN_STYLE = Automatic;
				CURRENT_PROJECT_VERSION = 1;
				DEVELOPMENT_TEAM = 2PMX4WLK83;
				GENERATE_INFOPLIST_FILE = YES;
				MARKETING_VERSION = 1.0;
				PRODUCT_BUNDLE_IDENTIFIER = "com.bluetriangle.Example-SwiftUIUITests";
				PRODUCT_NAME = "$(TARGET_NAME)";
				SWIFT_EMIT_LOC_STRINGS = NO;
				SWIFT_VERSION = 5.0;
				TARGETED_DEVICE_FAMILY = "1,2";
				TEST_TARGET_NAME = "Example-SwiftUI";
			};
			name = Release;
		};
/* End XCBuildConfiguration section */

/* Begin XCConfigurationList section */
		847CF44F2A4315DB001E9011 /* Build configuration list for PBXNativeTarget "Example-UIKit" */ = {
			isa = XCConfigurationList;
			buildConfigurations = (
				847CF44D2A4315DB001E9011 /* Debug */,
				847CF44E2A4315DB001E9011 /* Release */,
			);
			defaultConfigurationIsVisible = 0;
			defaultConfigurationName = Release;
		};
		C9F4A40D2900DB6100BCDF3E /* Build configuration list for PBXProject "Example-SwiftUI" */ = {
			isa = XCConfigurationList;
			buildConfigurations = (
				C9F4A4342900DB6200BCDF3E /* Debug */,
				C9F4A4352900DB6200BCDF3E /* Release */,
			);
			defaultConfigurationIsVisible = 0;
			defaultConfigurationName = Release;
		};
		C9F4A4362900DB6200BCDF3E /* Build configuration list for PBXNativeTarget "Example-SwiftUI" */ = {
			isa = XCConfigurationList;
			buildConfigurations = (
				C9F4A4372900DB6200BCDF3E /* Debug */,
				C9F4A4382900DB6200BCDF3E /* Release */,
			);
			defaultConfigurationIsVisible = 0;
			defaultConfigurationName = Release;
		};
		C9F4A4392900DB6200BCDF3E /* Build configuration list for PBXNativeTarget "Example-SwiftUITests" */ = {
			isa = XCConfigurationList;
			buildConfigurations = (
				C9F4A43A2900DB6200BCDF3E /* Debug */,
				C9F4A43B2900DB6200BCDF3E /* Release */,
			);
			defaultConfigurationIsVisible = 0;
			defaultConfigurationName = Release;
		};
		C9F4A43C2900DB6200BCDF3E /* Build configuration list for PBXNativeTarget "Example-SwiftUIUITests" */ = {
			isa = XCConfigurationList;
			buildConfigurations = (
				C9F4A43D2900DB6200BCDF3E /* Debug */,
				C9F4A43E2900DB6200BCDF3E /* Release */,
			);
			defaultConfigurationIsVisible = 0;
			defaultConfigurationName = Release;
		};
/* End XCConfigurationList section */

/* Begin XCRemoteSwiftPackageReference section */
		510C8EE62ACECE9E007292B2 /* XCRemoteSwiftPackageReference "btt-swift-sdk" */ = {
			isa = XCRemoteSwiftPackageReference;
			repositoryURL = "http://github.com/JP-aloha/btt-swift-sdk.git";
			requirement = {
				branch = "feature/cpu-memory-netstate-offline-hybrid";
				kind = branch;
			};
		};
		C9E11418291421F00031E874 /* XCRemoteSwiftPackageReference "swift-identified-collections" */ = {
			isa = XCRemoteSwiftPackageReference;
			repositoryURL = "https://github.com/pointfreeco/swift-identified-collections";
			requirement = {
				kind = upToNextMajorVersion;
				minimumVersion = 0.4.1;
			};
		};
/* End XCRemoteSwiftPackageReference section */

/* Begin XCSwiftPackageProductDependency section */
		510C8EE72ACECE9E007292B2 /* BlueTriangle */ = {
			isa = XCSwiftPackageProductDependency;
			package = 510C8EE62ACECE9E007292B2 /* XCRemoteSwiftPackageReference "btt-swift-sdk" */;
			productName = BlueTriangle;
		};
		510C8EE92ACECEB5007292B2 /* BlueTriangle */ = {
			isa = XCSwiftPackageProductDependency;
			package = 510C8EE62ACECE9E007292B2 /* XCRemoteSwiftPackageReference "btt-swift-sdk" */;
			productName = BlueTriangle;
		};
		84A03BEA2A49DE16000C8BD0 /* Service */ = {
			isa = XCSwiftPackageProductDependency;
			productName = Service;
		};
		84A03BEC2A49DE16000C8BD0 /* IdentifiedCollections */ = {
			isa = XCSwiftPackageProductDependency;
			package = C9E11418291421F00031E874 /* XCRemoteSwiftPackageReference "swift-identified-collections" */;
			productName = IdentifiedCollections;
		};
		C94BF014290AE2FC007E1C25 /* Service */ = {
			isa = XCSwiftPackageProductDependency;
			productName = Service;
		};
		C9E11419291421F00031E874 /* IdentifiedCollections */ = {
			isa = XCSwiftPackageProductDependency;
			package = C9E11418291421F00031E874 /* XCRemoteSwiftPackageReference "swift-identified-collections" */;
			productName = IdentifiedCollections;
		};
/* End XCSwiftPackageProductDependency section */
	};
	rootObject = C9F4A40A2900DB6100BCDF3E /* Project object */;
}
